// !$*UTF8*$!
{
	archiveVersion = 1;
	classes = {
	};
	objectVersion = 52;
	objects = {

/* Begin PBXBuildFile section */
		0207DA581B56EA530066E2B4 /* Assets.xcassets in Resources */ = {isa = PBXBuildFile; fileRef = 0207DA571B56EA530066E2B4 /* Assets.xcassets */; };
		02A426A4AEB7469DBE17159A /* scannerOverlay.xib in Resources */ = {isa = PBXBuildFile; fileRef = 032792D5E5AE49DA8B334F01 /* scannerOverlay.xib */; };
		03106C9492FD43B9BA028A9B /* FirebasePlugin.m in Sources */ = {isa = PBXBuildFile; fileRef = F6D3604DE7B74FFBAC0EF13A /* FirebasePlugin.m */; };
		1029762F7EAD494D9657DBCE /* zxing-all-in-one.cpp in Sources */ = {isa = PBXBuildFile; fileRef = EB91DD43B8954E80ADE5B019 /* zxing-all-in-one.cpp */; };
		1A5E6C28DBEB43C5A1FB9346 /* CDVLocalFilesystem.m in Sources */ = {isa = PBXBuildFile; fileRef = 696747386D4D48A7B7355322 /* CDVLocalFilesystem.m */; };
		1B70C114539647A49B233D1B /* AppDelegate+FirebasePlugin.m in Sources */ = {isa = PBXBuildFile; fileRef = 1BEE2FB6A0EE46CD81E16665 /* AppDelegate+FirebasePlugin.m */; };
		1D3623260D0F684500981E51 /* AppDelegate.m in Sources */ = {isa = PBXBuildFile; fileRef = 1D3623250D0F684500981E51 /* AppDelegate.m */; };
		1D60589B0D05DD56006BFB54 /* main.m in Sources */ = {isa = PBXBuildFile; fileRef = 29B97316FDCFA39411CA2CEA /* main.m */; };
		1EAC559176FE4F6FABC8CDD3 /* CustomFCMReceiver.m in Sources */ = {isa = PBXBuildFile; fileRef = D45D45DD7FE541578F495A69 /* CustomFCMReceiver.m */; };
		209978F2280E41BAA1425048 /* CFCallNumber.m in Sources */ = {isa = PBXBuildFile; fileRef = 1AC1835C63474E5AA57A2072 /* CFCallNumber.m */; };
		29989017E6214D43B99E2247 /* CDVReachability.m in Sources */ = {isa = PBXBuildFile; fileRef = 61FE4362CF1C42DABCBB1B5E /* CDVReachability.m */; };
		29F5DBD130534BC880364CF7 /* CDVFileTransfer.m in Sources */ = {isa = PBXBuildFile; fileRef = 5C9948647B9B4D80BABEF905 /* CDVFileTransfer.m */; };
		2A0DCA24E9674A60B460AEA1 /* Social.framework in Frameworks */ = {isa = PBXBuildFile; fileRef = 5D4D6B7DE31F4FF4B069D695 /* Social.framework */; settings = {ATTRIBUTES = (Weak, ); }; };
		2AB9E04F105A451691B0246C /* CDVInAppBrowserOptions.m in Sources */ = {isa = PBXBuildFile; fileRef = 44A30DFAF32A4703AC58C615 /* CDVInAppBrowserOptions.m */; };
		301BF552109A68D80062928A /* libCordova.a in Frameworks */ = {isa = PBXBuildFile; fileRef = 301BF535109A57CC0062928A /* libCordova.a */; settings = {ATTRIBUTES = (Required, ); }; };
		302D95F114D2391D003F00A1 /* MainViewController.m in Sources */ = {isa = PBXBuildFile; fileRef = 302D95EF14D2391D003F00A1 /* MainViewController.m */; };
		302D95F214D2391D003F00A1 /* MainViewController.xib in Resources */ = {isa = PBXBuildFile; fileRef = 302D95F014D2391D003F00A1 /* MainViewController.xib */; };
		31D85D35B2FB4ECBA10F7E12 /* ImageIO.framework in Frameworks */ = {isa = PBXBuildFile; fileRef = A314BFA4EE274F5F8C7E62A2 /* ImageIO.framework */; settings = {ATTRIBUTES = (Weak, ); }; };
		4E7CA2B6272ABB0D00177EF9 /* config.xml in Copy Staging Resources */ = {isa = PBXBuildFile; fileRef = F840E1F0165FE0F500CFE078 /* config.xml */; };
		4E7CA2B7272ABB0D00177EF9 /* www in Copy Staging Resources */ = {isa = PBXBuildFile; fileRef = 301BF56E109A69640062928A /* www */; };
		4FD7C981B3CC4142BE7FDFEC /* libiconv.dylib in Frameworks */ = {isa = PBXBuildFile; fileRef = A950992636344F7E9AEB2825 /* libiconv.dylib */; };
		514F8227A75D41498383FEAD /* FirebasePluginMessageReceiver.m in Sources */ = {isa = PBXBuildFile; fileRef = C054D93D2E3747AA94DE1B7F /* FirebasePluginMessageReceiver.m */; };
		57399894E53E470A8E8DF0B7 /* CDVWKInAppBrowserUIDelegate.m in Sources */ = {isa = PBXBuildFile; fileRef = 329D457C66AB47248478041B /* CDVWKInAppBrowserUIDelegate.m */; };
		57C8767B0F6947C798AE19E9 /* CDVAssetLibraryFilesystem.m in Sources */ = {isa = PBXBuildFile; fileRef = E011A5C46A4E4F32A6AE61C4 /* CDVAssetLibraryFilesystem.m */; };
		5F50D4B7C5C54D24ACEF2CAD /* AVFoundation.framework in Frameworks */ = {isa = PBXBuildFile; fileRef = 5AA79998EEF644CA9FAB3EED /* AVFoundation.framework */; };
		6AFF5BF91D6E424B00AB3073 /* CDVLaunchScreen.storyboard in Resources */ = {isa = PBXBuildFile; fileRef = 6AFF5BF81D6E424B00AB3073 /* CDVLaunchScreen.storyboard */; };
		6E281C0EB345420CB6B22831 /* AudioToolbox.framework in Frameworks */ = {isa = PBXBuildFile; fileRef = 22CF73EB3D1E4C93850FE656 /* AudioToolbox.framework */; settings = {ATTRIBUTES = (Weak, ); }; };
		6E48300A6B69419386BB8790 /* CDVCamera.m in Sources */ = {isa = PBXBuildFile; fileRef = D569CD29785E4B698CBDB843 /* CDVCamera.m */; };
		773BF5A0042840F2837715F9 /* CDVConnection.m in Sources */ = {isa = PBXBuildFile; fileRef = 2F985EA40B034A88824E3FE8 /* CDVConnection.m */; };
		7F97CF8E0FBF47C6B1FCA775 /* CDVWKInAppBrowser.m in Sources */ = {isa = PBXBuildFile; fileRef = D56DEA8CC9EE4B069690FF8F /* CDVWKInAppBrowser.m */; };
		842D467E320B4A85978B2762 /* SocialSharing.m in Sources */ = {isa = PBXBuildFile; fileRef = 66BAA3CE19A446F38A1FEB7F /* SocialSharing.m */; };
		8A7CA8DF9FFC4E1EBE4F9EB7 /* CoreTelephony.framework in Frameworks */ = {isa = PBXBuildFile; fileRef = 017CC7A82FAF42DF9A61FE0F /* CoreTelephony.framework */; };
		8B3EADBAECC74F65A2984A1A /* CDVSound.m in Sources */ = {isa = PBXBuildFile; fileRef = 9D0EA3B1F87B4F3385F526FA /* CDVSound.m */; };
		8FD20FE6052244C2A105443A /* CDVLocation.m in Sources */ = {isa = PBXBuildFile; fileRef = 2822914F003844AFB35C6B7A /* CDVLocation.m */; };
		990D511C7A274B98A8C9BFA1 /* CustomFCMReceiverPlugin.m in Sources */ = {isa = PBXBuildFile; fileRef = E2A703FED30F4F16A50DAD4C /* CustomFCMReceiverPlugin.m */; };
		9C95FA57FCB34C8E80C1B15F /* CDVNotification.bundle in Resources */ = {isa = PBXBuildFile; fileRef = 7C5DAFA8196246F480BA97FB /* CDVNotification.bundle */; };
		A2FC43A91F5A4044B7ABB2D5 /* CDVFile.m in Sources */ = {isa = PBXBuildFile; fileRef = 507FE37B3AB1407EA39A785D /* CDVFile.m */; };
		A87575D8FADD4674A46BD04E /* UIImage+CropScaleOrientation.m in Sources */ = {isa = PBXBuildFile; fileRef = C359AA307A8C46B282D44B45 /* UIImage+CropScaleOrientation.m */; };
		AD192CC48FAA4F3ABF5DE714 /* CDVJpegHeaderWriter.m in Sources */ = {isa = PBXBuildFile; fileRef = 974561F203C8431B950032F6 /* CDVJpegHeaderWriter.m */; };
		C075F32316734C9E8CF4DFF1 /* MessageUI.framework in Frameworks */ = {isa = PBXBuildFile; fileRef = 2207752B738541A1937191E6 /* MessageUI.framework */; settings = {ATTRIBUTES = (Weak, ); }; };
		C4EE1D291D4C4B35ADDE70E8 /* GoogleService-Info.plist in Resources */ = {isa = PBXBuildFile; fileRef = DF7D77420AC2418EBA3FAE21 /* GoogleService-Info.plist */; };
		D2B98BCED6214B3982A5ADD3 /* CoreVideo.framework in Frameworks */ = {isa = PBXBuildFile; fileRef = 03BE9BE7118A4147B92CA1B5 /* CoreVideo.framework */; };
		DEBAAB0D0E9241269568EF82 /* CDVInAppBrowserNavigationController.m in Sources */ = {isa = PBXBuildFile; fileRef = 634783AB788E44DDA97763ED /* CDVInAppBrowserNavigationController.m */; };
		E110DF4F0AC24BD0A6179AE9 /* SystemConfiguration.framework in Frameworks */ = {isa = PBXBuildFile; fileRef = ACB3108A92424FFBA45E3411 /* SystemConfiguration.framework */; settings = {ATTRIBUTES = (Weak, ); }; };
		E2AD7D212D484B3181B59D0F /* CDVNotification.m in Sources */ = {isa = PBXBuildFile; fileRef = 8A2A5E28A0A24449A958CFE9 /* CDVNotification.m */; };
		E9351FDB5848447F9D206A34 /* CDVWKWebViewFileXhr.m in Sources */ = {isa = PBXBuildFile; fileRef = B56AF5F9CC3A4CF596A93E1A /* CDVWKWebViewFileXhr.m */; };
		EBDB5679FB45F81EEE8F776B /* Pods_Grupo_Inversa.framework in Frameworks */ = {isa = PBXBuildFile; fileRef = 7EE8D96D17FD229754AD7D20 /* Pods_Grupo_Inversa.framework */; };
		ECAB52853DF044F2B1786086 /* FirebasePluginMessageReceiverManager.m in Sources */ = {isa = PBXBuildFile; fileRef = BB2EDC61C2CD4F569007850B /* FirebasePluginMessageReceiverManager.m */; };
		EF8A1CC6712F4423B46726D0 /* QuartzCore.framework in Frameworks */ = {isa = PBXBuildFile; fileRef = 8308B154273C477B851BA94A /* QuartzCore.framework */; };
		EFB286353D75402B93A94EB2 /* CDVBarcodeScanner.mm in Sources */ = {isa = PBXBuildFile; fileRef = 1956BC4F0F3742FDA6B9F322 /* CDVBarcodeScanner.mm */; settings = {COMPILER_FLAGS = "-fno-objc-arc"; }; };
		F05A3328611E405795C8FCD1 /* startApp.m in Sources */ = {isa = PBXBuildFile; fileRef = 937A601BC18445848895B4CF /* startApp.m */; };
		F106807E9E71440CBAD3EA5D /* AuthenticationServices.framework in Frameworks */ = {isa = PBXBuildFile; fileRef = 6A134A27692F437EA59E10B5 /* AuthenticationServices.framework */; };
		F1E77AA2C73C43898BDFC24D /* WebKit.framework in Frameworks */ = {isa = PBXBuildFile; fileRef = 01C13F52AA784E7582588F85 /* WebKit.framework */; settings = {ATTRIBUTES = (Weak, ); }; };
		F644D0BE59714979AE7ADBA0 /* CoreLocation.framework in Frameworks */ = {isa = PBXBuildFile; fileRef = 8736DC3DDD904F4CAE62ACB5 /* CoreLocation.framework */; };
		FC5419FDC58443A096ABD49A /* NSString+SSURLEncoding.m in Sources */ = {isa = PBXBuildFile; fileRef = 2C8BA395E1E04D829329FF23 /* NSString+SSURLEncoding.m */; };
		FD9EC9C8CF214D06BE64DA9E /* CDVDevice.m in Sources */ = {isa = PBXBuildFile; fileRef = 62D4EBD9F9084AE3AB57013E /* CDVDevice.m */; };
/* End PBXBuildFile section */

/* Begin PBXContainerItemProxy section */
		301BF534109A57CC0062928A /* PBXContainerItemProxy */ = {
			isa = PBXContainerItemProxy;
			containerPortal = 301BF52D109A57CC0062928A /* CordovaLib.xcodeproj */;
			proxyType = 2;
			remoteGlobalIDString = D2AAC07E0554694100DB518D;
			remoteInfo = CordovaLib;
		};
		301BF550109A68C00062928A /* PBXContainerItemProxy */ = {
			isa = PBXContainerItemProxy;
			containerPortal = 301BF52D109A57CC0062928A /* CordovaLib.xcodeproj */;
			proxyType = 1;
			remoteGlobalIDString = D2AAC07D0554694100DB518D;
			remoteInfo = CordovaLib;
		};
		907D8123214C687600058A10 /* PBXContainerItemProxy */ = {
			isa = PBXContainerItemProxy;
			containerPortal = 301BF52D109A57CC0062928A /* CordovaLib.xcodeproj */;
			proxyType = 2;
			remoteGlobalIDString = C0C01EB21E3911D50056E6CB;
			remoteInfo = Cordova;
		};
/* End PBXContainerItemProxy section */

/* Begin PBXCopyFilesBuildPhase section */
		857339E32710CC9700A1C74C /* Copy Staging Resources */ = {
			isa = PBXCopyFilesBuildPhase;
			buildActionMask = 2147483647;
			dstPath = "";
			dstSubfolderSpec = 7;
			files = (
				4E7CA2B6272ABB0D00177EF9 /* config.xml in Copy Staging Resources */,
				4E7CA2B7272ABB0D00177EF9 /* www in Copy Staging Resources */,
			);
			name = "Copy Staging Resources";
			runOnlyForDeploymentPostprocessing = 0;
		};
/* End PBXCopyFilesBuildPhase section */

/* Begin PBXFileReference section */
		017CC7A82FAF42DF9A61FE0F /* CoreTelephony.framework */ = {isa = PBXFileReference; explicitFileType = undefined; fileEncoding = 9; includeInIndex = 0; lastKnownFileType = wrapper.framework; name = CoreTelephony.framework; path = System/Library/Frameworks/CoreTelephony.framework; sourceTree = SDKROOT; };
		01C13F52AA784E7582588F85 /* WebKit.framework */ = {isa = PBXFileReference; explicitFileType = undefined; fileEncoding = 9; includeInIndex = 0; lastKnownFileType = wrapper.framework; name = WebKit.framework; path = System/Library/Frameworks/WebKit.framework; sourceTree = SDKROOT; };
		0207DA571B56EA530066E2B4 /* Assets.xcassets */ = {isa = PBXFileReference; lastKnownFileType = folder.assetcatalog; path = Assets.xcassets; sourceTree = "<group>"; };
		032792D5E5AE49DA8B334F01 /* scannerOverlay.xib */ = {isa = PBXFileReference; explicitFileType = undefined; fileEncoding = 9; includeInIndex = 0; lastKnownFileType = file.xib; path = scannerOverlay.xib; sourceTree = "<group>"; };
		03BE9BE7118A4147B92CA1B5 /* CoreVideo.framework */ = {isa = PBXFileReference; explicitFileType = undefined; fileEncoding = 9; includeInIndex = 0; lastKnownFileType = wrapper.framework; name = CoreVideo.framework; path = System/Library/Frameworks/CoreVideo.framework; sourceTree = SDKROOT; };
		107F73F7C1F64349933D08B2 /* CustomFCMReceiverPlugin.h */ = {isa = PBXFileReference; explicitFileType = undefined; fileEncoding = 4; includeInIndex = 0; lastKnownFileType = sourcecode.c.h; name = CustomFCMReceiverPlugin.h; path = "cordova-plugin-customfcmreceiver/CustomFCMReceiverPlugin.h"; sourceTree = "<group>"; };
		1620AA4ED4CAD157D445025E /* Pods-Grupo Inversa.debug.xcconfig */ = {isa = PBXFileReference; includeInIndex = 1; lastKnownFileType = text.xcconfig; name = "Pods-Grupo Inversa.debug.xcconfig"; path = "Target Support Files/Pods-Grupo Inversa/Pods-Grupo Inversa.debug.xcconfig"; sourceTree = "<group>"; };
		1956BC4F0F3742FDA6B9F322 /* CDVBarcodeScanner.mm */ = {isa = PBXFileReference; explicitFileType = undefined; fileEncoding = 9; includeInIndex = 0; lastKnownFileType = unknown; name = CDVBarcodeScanner.mm; path = "cordova-plugin-barcodescanner/CDVBarcodeScanner.mm"; sourceTree = "<group>"; };
		1AC1835C63474E5AA57A2072 /* CFCallNumber.m */ = {isa = PBXFileReference; explicitFileType = undefined; fileEncoding = 4; includeInIndex = 0; lastKnownFileType = sourcecode.c.objc; name = CFCallNumber.m; path = "cordova-plugin-call-number/CFCallNumber.m"; sourceTree = "<group>"; };
		1BEE2FB6A0EE46CD81E16665 /* AppDelegate+FirebasePlugin.m */ = {isa = PBXFileReference; explicitFileType = undefined; fileEncoding = 4; includeInIndex = 0; lastKnownFileType = sourcecode.c.objc; name = "AppDelegate+FirebasePlugin.m"; path = "cordova-plugin-firebasex/AppDelegate+FirebasePlugin.m"; sourceTree = "<group>"; };
		1D02D465AA2B416F8857ACEB /* CDVInAppBrowserNavigationController.h */ = {isa = PBXFileReference; explicitFileType = undefined; fileEncoding = 4; includeInIndex = 0; lastKnownFileType = sourcecode.c.h; name = CDVInAppBrowserNavigationController.h; path = "cordova-plugin-inappbrowser/CDVInAppBrowserNavigationController.h"; sourceTree = "<group>"; };
		1D3623240D0F684500981E51 /* AppDelegate.h */ = {isa = PBXFileReference; fileEncoding = 4; lastKnownFileType = sourcecode.c.h; path = AppDelegate.h; sourceTree = "<group>"; };
		1D3623250D0F684500981E51 /* AppDelegate.m */ = {isa = PBXFileReference; fileEncoding = 4; lastKnownFileType = sourcecode.c.objc; path = AppDelegate.m; sourceTree = "<group>"; };
		1D6058910D05DD3D006BFB54 /* Grupo Inversa.app */ = {isa = PBXFileReference; explicitFileType = wrapper.application; includeInIndex = 0; path = "Grupo Inversa.app"; sourceTree = BUILT_PRODUCTS_DIR; };
		1EB78AEACB684B1C9B053321 /* CDVNotification.h */ = {isa = PBXFileReference; explicitFileType = undefined; fileEncoding = 4; includeInIndex = 0; lastKnownFileType = sourcecode.c.h; name = CDVNotification.h; path = "cordova-plugin-dialogs/CDVNotification.h"; sourceTree = "<group>"; };
		1FC0F086C6D24ED28BEB63FD /* UIImage+CropScaleOrientation.h */ = {isa = PBXFileReference; explicitFileType = undefined; fileEncoding = 4; includeInIndex = 0; lastKnownFileType = sourcecode.c.h; name = "UIImage+CropScaleOrientation.h"; path = "cordova-plugin-camera/UIImage+CropScaleOrientation.h"; sourceTree = "<group>"; };
		2207752B738541A1937191E6 /* MessageUI.framework */ = {isa = PBXFileReference; explicitFileType = undefined; fileEncoding = 9; includeInIndex = 0; lastKnownFileType = wrapper.framework; name = MessageUI.framework; path = System/Library/Frameworks/MessageUI.framework; sourceTree = SDKROOT; };
		22CF73EB3D1E4C93850FE656 /* AudioToolbox.framework */ = {isa = PBXFileReference; explicitFileType = undefined; fileEncoding = 9; includeInIndex = 0; lastKnownFileType = wrapper.framework; name = AudioToolbox.framework; path = System/Library/Frameworks/AudioToolbox.framework; sourceTree = SDKROOT; };
		2822914F003844AFB35C6B7A /* CDVLocation.m */ = {isa = PBXFileReference; explicitFileType = undefined; fileEncoding = 4; includeInIndex = 0; lastKnownFileType = sourcecode.c.objc; name = CDVLocation.m; path = "cordova-plugin-geolocation/CDVLocation.m"; sourceTree = "<group>"; };
		28C85BD19D4544C4AF167082 /* CDVLocalFilesystem.h */ = {isa = PBXFileReference; explicitFileType = undefined; fileEncoding = 4; includeInIndex = 0; lastKnownFileType = sourcecode.c.h; name = CDVLocalFilesystem.h; path = "cordova-plugin-file/CDVLocalFilesystem.h"; sourceTree = "<group>"; };
		29B97316FDCFA39411CA2CEA /* main.m */ = {isa = PBXFileReference; fileEncoding = 4; lastKnownFileType = sourcecode.c.objc; path = main.m; sourceTree = "<group>"; };
		2C8BA395E1E04D829329FF23 /* NSString+SSURLEncoding.m */ = {isa = PBXFileReference; explicitFileType = undefined; fileEncoding = 4; includeInIndex = 0; lastKnownFileType = sourcecode.c.objc; name = "NSString+SSURLEncoding.m"; path = "cordova-plugin-x-socialsharing/NSString+SSURLEncoding.m"; sourceTree = "<group>"; };
		2D8B69F6505B432194DCF785 /* CDVFile.h */ = {isa = PBXFileReference; explicitFileType = undefined; fileEncoding = 4; includeInIndex = 0; lastKnownFileType = sourcecode.c.h; name = CDVFile.h; path = "cordova-plugin-file/CDVFile.h"; sourceTree = "<group>"; };
		2F985EA40B034A88824E3FE8 /* CDVConnection.m */ = {isa = PBXFileReference; explicitFileType = undefined; fileEncoding = 4; includeInIndex = 0; lastKnownFileType = sourcecode.c.objc; name = CDVConnection.m; path = "cordova-plugin-network-information/CDVConnection.m"; sourceTree = "<group>"; };
		301BF52D109A57CC0062928A /* CordovaLib.xcodeproj */ = {isa = PBXFileReference; lastKnownFileType = "wrapper.pb-project"; name = CordovaLib.xcodeproj; path = CordovaLib/CordovaLib.xcodeproj; sourceTree = "<group>"; };
		301BF56E109A69640062928A /* www */ = {isa = PBXFileReference; lastKnownFileType = folder; path = www; sourceTree = SOURCE_ROOT; };
		302D95EE14D2391D003F00A1 /* MainViewController.h */ = {isa = PBXFileReference; fileEncoding = 4; lastKnownFileType = sourcecode.c.h; path = MainViewController.h; sourceTree = "<group>"; };
		302D95EF14D2391D003F00A1 /* MainViewController.m */ = {isa = PBXFileReference; fileEncoding = 4; lastKnownFileType = sourcecode.c.objc; path = MainViewController.m; sourceTree = "<group>"; };
		302D95F014D2391D003F00A1 /* MainViewController.xib */ = {isa = PBXFileReference; fileEncoding = 4; lastKnownFileType = file.xib; path = MainViewController.xib; sourceTree = "<group>"; };
		3047A50F1AB8059700498E2A /* build-debug.xcconfig */ = {isa = PBXFileReference; fileEncoding = 4; lastKnownFileType = text.xcconfig; name = "build-debug.xcconfig"; path = "cordova/build-debug.xcconfig"; sourceTree = SOURCE_ROOT; };
		3047A5101AB8059700498E2A /* build-release.xcconfig */ = {isa = PBXFileReference; fileEncoding = 4; lastKnownFileType = text.xcconfig; name = "build-release.xcconfig"; path = "cordova/build-release.xcconfig"; sourceTree = SOURCE_ROOT; };
		3047A5111AB8059700498E2A /* build.xcconfig */ = {isa = PBXFileReference; fileEncoding = 4; lastKnownFileType = text.xcconfig; name = build.xcconfig; path = cordova/build.xcconfig; sourceTree = SOURCE_ROOT; };
		329D457C66AB47248478041B /* CDVWKInAppBrowserUIDelegate.m */ = {isa = PBXFileReference; explicitFileType = undefined; fileEncoding = 4; includeInIndex = 0; lastKnownFileType = sourcecode.c.objc; name = CDVWKInAppBrowserUIDelegate.m; path = "cordova-plugin-inappbrowser/CDVWKInAppBrowserUIDelegate.m"; sourceTree = "<group>"; };
		32CA4F630368D1EE00C91783 /* Grupo Inversa-Prefix.pch */ = {isa = PBXFileReference; fileEncoding = 4; lastKnownFileType = sourcecode.c.h; path = "Grupo Inversa-Prefix.pch"; sourceTree = "<group>"; };
		3C7490F0A89F4158BE4F3E13 /* FirebaseWrapper.h */ = {isa = PBXFileReference; explicitFileType = undefined; fileEncoding = 4; includeInIndex = 0; lastKnownFileType = sourcecode.c.h; name = FirebaseWrapper.h; path = "cordova-plugin-firebasex/FirebaseWrapper.h"; sourceTree = "<group>"; };
		3FD3C88EE08F4FE2D314E0E3 /* Pods-Grupo Inversa.release.xcconfig */ = {isa = PBXFileReference; includeInIndex = 1; lastKnownFileType = text.xcconfig; name = "Pods-Grupo Inversa.release.xcconfig"; path = "Target Support Files/Pods-Grupo Inversa/Pods-Grupo Inversa.release.xcconfig"; sourceTree = "<group>"; };
		42499D19C8C2450B961A28A7 /* SocialSharing.h */ = {isa = PBXFileReference; explicitFileType = undefined; fileEncoding = 4; includeInIndex = 0; lastKnownFileType = sourcecode.c.h; name = SocialSharing.h; path = "cordova-plugin-x-socialsharing/SocialSharing.h"; sourceTree = "<group>"; };
		44A30DFAF32A4703AC58C615 /* CDVInAppBrowserOptions.m */ = {isa = PBXFileReference; explicitFileType = undefined; fileEncoding = 4; includeInIndex = 0; lastKnownFileType = sourcecode.c.objc; name = CDVInAppBrowserOptions.m; path = "cordova-plugin-inappbrowser/CDVInAppBrowserOptions.m"; sourceTree = "<group>"; };
		46BF7CD5A33244B1864C13EC /* CDVLocation.h */ = {isa = PBXFileReference; explicitFileType = undefined; fileEncoding = 4; includeInIndex = 0; lastKnownFileType = sourcecode.c.h; name = CDVLocation.h; path = "cordova-plugin-geolocation/CDVLocation.h"; sourceTree = "<group>"; };
		507FE37B3AB1407EA39A785D /* CDVFile.m */ = {isa = PBXFileReference; explicitFileType = undefined; fileEncoding = 4; includeInIndex = 0; lastKnownFileType = sourcecode.c.objc; name = CDVFile.m; path = "cordova-plugin-file/CDVFile.m"; sourceTree = "<group>"; };
		51F88E90675E47389299863B /* CDVAssetLibraryFilesystem.h */ = {isa = PBXFileReference; explicitFileType = undefined; fileEncoding = 4; includeInIndex = 0; lastKnownFileType = sourcecode.c.h; name = CDVAssetLibraryFilesystem.h; path = "cordova-plugin-file/CDVAssetLibraryFilesystem.h"; sourceTree = "<group>"; };
		5AA79998EEF644CA9FAB3EED /* AVFoundation.framework */ = {isa = PBXFileReference; explicitFileType = undefined; fileEncoding = 9; includeInIndex = 0; lastKnownFileType = wrapper.framework; name = AVFoundation.framework; path = System/Library/Frameworks/AVFoundation.framework; sourceTree = SDKROOT; };
		5B4709DBB22E49D1853AD799 /* CDVWKWebViewFileXhr.h */ = {isa = PBXFileReference; explicitFileType = undefined; fileEncoding = 4; includeInIndex = 0; lastKnownFileType = sourcecode.c.h; name = CDVWKWebViewFileXhr.h; path = "cordova-plugin-wkwebview-file-xhr/CDVWKWebViewFileXhr.h"; sourceTree = "<group>"; };
		5C9948647B9B4D80BABEF905 /* CDVFileTransfer.m */ = {isa = PBXFileReference; explicitFileType = undefined; fileEncoding = 4; includeInIndex = 0; lastKnownFileType = sourcecode.c.objc; name = CDVFileTransfer.m; path = "cordova-plugin-file-transfer/CDVFileTransfer.m"; sourceTree = "<group>"; };
		5D4D6B7DE31F4FF4B069D695 /* Social.framework */ = {isa = PBXFileReference; explicitFileType = undefined; fileEncoding = 9; includeInIndex = 0; lastKnownFileType = wrapper.framework; name = Social.framework; path = System/Library/Frameworks/Social.framework; sourceTree = SDKROOT; };
		61FE4362CF1C42DABCBB1B5E /* CDVReachability.m */ = {isa = PBXFileReference; explicitFileType = undefined; fileEncoding = 4; includeInIndex = 0; lastKnownFileType = sourcecode.c.objc; name = CDVReachability.m; path = "cordova-plugin-network-information/CDVReachability.m"; sourceTree = "<group>"; };
		62D4EBD9F9084AE3AB57013E /* CDVDevice.m */ = {isa = PBXFileReference; explicitFileType = undefined; fileEncoding = 4; includeInIndex = 0; lastKnownFileType = sourcecode.c.objc; name = CDVDevice.m; path = "cordova-plugin-device/CDVDevice.m"; sourceTree = "<group>"; };
		634783AB788E44DDA97763ED /* CDVInAppBrowserNavigationController.m */ = {isa = PBXFileReference; explicitFileType = undefined; fileEncoding = 4; includeInIndex = 0; lastKnownFileType = sourcecode.c.objc; name = CDVInAppBrowserNavigationController.m; path = "cordova-plugin-inappbrowser/CDVInAppBrowserNavigationController.m"; sourceTree = "<group>"; };
		64CE192BC1374AC1B36C274C /* CDVConnection.h */ = {isa = PBXFileReference; explicitFileType = undefined; fileEncoding = 4; includeInIndex = 0; lastKnownFileType = sourcecode.c.h; name = CDVConnection.h; path = "cordova-plugin-network-information/CDVConnection.h"; sourceTree = "<group>"; };
		66BAA3CE19A446F38A1FEB7F /* SocialSharing.m */ = {isa = PBXFileReference; explicitFileType = undefined; fileEncoding = 4; includeInIndex = 0; lastKnownFileType = sourcecode.c.objc; name = SocialSharing.m; path = "cordova-plugin-x-socialsharing/SocialSharing.m"; sourceTree = "<group>"; };
		696747386D4D48A7B7355322 /* CDVLocalFilesystem.m */ = {isa = PBXFileReference; explicitFileType = undefined; fileEncoding = 4; includeInIndex = 0; lastKnownFileType = sourcecode.c.objc; name = CDVLocalFilesystem.m; path = "cordova-plugin-file/CDVLocalFilesystem.m"; sourceTree = "<group>"; };
		6A134A27692F437EA59E10B5 /* AuthenticationServices.framework */ = {isa = PBXFileReference; explicitFileType = undefined; fileEncoding = 9; includeInIndex = 0; lastKnownFileType = wrapper.framework; name = AuthenticationServices.framework; path = System/Library/Frameworks/AuthenticationServices.framework; sourceTree = SDKROOT; };
		6AFF5BF81D6E424B00AB3073 /* CDVLaunchScreen.storyboard */ = {isa = PBXFileReference; fileEncoding = 4; lastKnownFileType = file.storyboard; path = CDVLaunchScreen.storyboard; sourceTree = "<group>"; };
		6CCFAFBFD9C349F69A848345 /* CDVDevice.h */ = {isa = PBXFileReference; explicitFileType = undefined; fileEncoding = 4; includeInIndex = 0; lastKnownFileType = sourcecode.c.h; name = CDVDevice.h; path = "cordova-plugin-device/CDVDevice.h"; sourceTree = "<group>"; };
		6F164C707FD742FC80394B3E /* CDVCamera.h */ = {isa = PBXFileReference; explicitFileType = undefined; fileEncoding = 4; includeInIndex = 0; lastKnownFileType = sourcecode.c.h; name = CDVCamera.h; path = "cordova-plugin-camera/CDVCamera.h"; sourceTree = "<group>"; };
		6FD9ACA0F33C4BD6A4AC50D9 /* CDVWKInAppBrowserUIDelegate.h */ = {isa = PBXFileReference; explicitFileType = undefined; fileEncoding = 4; includeInIndex = 0; lastKnownFileType = sourcecode.c.h; name = CDVWKInAppBrowserUIDelegate.h; path = "cordova-plugin-inappbrowser/CDVWKInAppBrowserUIDelegate.h"; sourceTree = "<group>"; };
		71F89A28AD764E1F842C4343 /* CFCallNumber.h */ = {isa = PBXFileReference; explicitFileType = undefined; fileEncoding = 4; includeInIndex = 0; lastKnownFileType = sourcecode.c.h; name = CFCallNumber.h; path = "cordova-plugin-call-number/CFCallNumber.h"; sourceTree = "<group>"; };
		7C5DAFA8196246F480BA97FB /* CDVNotification.bundle */ = {isa = PBXFileReference; explicitFileType = undefined; fileEncoding = 9; includeInIndex = 0; lastKnownFileType = "wrapper.plug-in"; path = CDVNotification.bundle; sourceTree = "<group>"; };
		7EE8D96D17FD229754AD7D20 /* Pods_Grupo_Inversa.framework */ = {isa = PBXFileReference; explicitFileType = wrapper.framework; includeInIndex = 0; path = Pods_Grupo_Inversa.framework; sourceTree = BUILT_PRODUCTS_DIR; };
		8308B154273C477B851BA94A /* QuartzCore.framework */ = {isa = PBXFileReference; explicitFileType = undefined; fileEncoding = 9; includeInIndex = 0; lastKnownFileType = wrapper.framework; name = QuartzCore.framework; path = System/Library/Frameworks/QuartzCore.framework; sourceTree = SDKROOT; };
		832A9D05D0F24B9A957964CE /* CDVFileTransfer.h */ = {isa = PBXFileReference; explicitFileType = undefined; fileEncoding = 4; includeInIndex = 0; lastKnownFileType = sourcecode.c.h; name = CDVFileTransfer.h; path = "cordova-plugin-file-transfer/CDVFileTransfer.h"; sourceTree = "<group>"; };
		841E9FB4BBBC4ED09ECBFE88 /* startApp.h */ = {isa = PBXFileReference; explicitFileType = undefined; fileEncoding = 4; includeInIndex = 0; lastKnownFileType = sourcecode.c.h; name = startApp.h; path = com.lampa.startapp/startApp.h; sourceTree = "<group>"; };
		868A021319FE48AF8DCFC62B /* FirebasePlugin.h */ = {isa = PBXFileReference; explicitFileType = undefined; fileEncoding = 4; includeInIndex = 0; lastKnownFileType = sourcecode.c.h; name = FirebasePlugin.h; path = "cordova-plugin-firebasex/FirebasePlugin.h"; sourceTree = "<group>"; };
		8736DC3DDD904F4CAE62ACB5 /* CoreLocation.framework */ = {isa = PBXFileReference; explicitFileType = undefined; fileEncoding = 9; includeInIndex = 0; lastKnownFileType = wrapper.framework; name = CoreLocation.framework; path = System/Library/Frameworks/CoreLocation.framework; sourceTree = SDKROOT; };
		8A2A5E28A0A24449A958CFE9 /* CDVNotification.m */ = {isa = PBXFileReference; explicitFileType = undefined; fileEncoding = 4; includeInIndex = 0; lastKnownFileType = sourcecode.c.objc; name = CDVNotification.m; path = "cordova-plugin-dialogs/CDVNotification.m"; sourceTree = "<group>"; };
		8D1107310486CEB800E47090 /* Grupo Inversa-Info.plist */ = {isa = PBXFileReference; fileEncoding = 4; lastKnownFileType = text.plist.xml; path = "Grupo Inversa-Info.plist"; plistStructureDefinitionIdentifier = "com.apple.xcode.plist.structure-definition.iphone.info-plist"; sourceTree = "<group>"; };
		90BAD44E00FA47EBACACF344 /* CDVSound.h */ = {isa = PBXFileReference; explicitFileType = undefined; fileEncoding = 4; includeInIndex = 0; lastKnownFileType = sourcecode.c.h; name = CDVSound.h; path = "cordova-plugin-media/CDVSound.h"; sourceTree = "<group>"; };
		9106AA49E6F64F9E9B4A8958 /* FirebasePluginMessageReceiver.h */ = {isa = PBXFileReference; explicitFileType = undefined; fileEncoding = 4; includeInIndex = 0; lastKnownFileType = sourcecode.c.h; name = FirebasePluginMessageReceiver.h; path = "cordova-plugin-firebasex/FirebasePluginMessageReceiver.h"; sourceTree = "<group>"; };
		937A601BC18445848895B4CF /* startApp.m */ = {isa = PBXFileReference; explicitFileType = undefined; fileEncoding = 4; includeInIndex = 0; lastKnownFileType = sourcecode.c.objc; name = startApp.m; path = com.lampa.startapp/startApp.m; sourceTree = "<group>"; };
		974561F203C8431B950032F6 /* CDVJpegHeaderWriter.m */ = {isa = PBXFileReference; explicitFileType = undefined; fileEncoding = 4; includeInIndex = 0; lastKnownFileType = sourcecode.c.objc; name = CDVJpegHeaderWriter.m; path = "cordova-plugin-camera/CDVJpegHeaderWriter.m"; sourceTree = "<group>"; };
		9B5CA0E564604A828C037CBF /* zxing-all-in-one.h */ = {isa = PBXFileReference; explicitFileType = undefined; fileEncoding = 4; includeInIndex = 0; lastKnownFileType = sourcecode.c.h; name = "zxing-all-in-one.h"; path = "cordova-plugin-barcodescanner/zxing-all-in-one.h"; sourceTree = "<group>"; };
		9D0EA3B1F87B4F3385F526FA /* CDVSound.m */ = {isa = PBXFileReference; explicitFileType = undefined; fileEncoding = 4; includeInIndex = 0; lastKnownFileType = sourcecode.c.objc; name = CDVSound.m; path = "cordova-plugin-media/CDVSound.m"; sourceTree = "<group>"; };
		A07344FE833445DFABE1F74B /* CDVInAppBrowserOptions.h */ = {isa = PBXFileReference; explicitFileType = undefined; fileEncoding = 4; includeInIndex = 0; lastKnownFileType = sourcecode.c.h; name = CDVInAppBrowserOptions.h; path = "cordova-plugin-inappbrowser/CDVInAppBrowserOptions.h"; sourceTree = "<group>"; };
		A314BFA4EE274F5F8C7E62A2 /* ImageIO.framework */ = {isa = PBXFileReference; explicitFileType = undefined; fileEncoding = 9; includeInIndex = 0; lastKnownFileType = wrapper.framework; name = ImageIO.framework; path = System/Library/Frameworks/ImageIO.framework; sourceTree = SDKROOT; };
		A950992636344F7E9AEB2825 /* libiconv.dylib */ = {isa = PBXFileReference; explicitFileType = undefined; fileEncoding = 9; includeInIndex = 0; lastKnownFileType = "compiled.mach-o.dylib"; name = libiconv.dylib; path = usr/lib/libiconv.dylib; sourceTree = SDKROOT; };
		ACB3108A92424FFBA45E3411 /* SystemConfiguration.framework */ = {isa = PBXFileReference; explicitFileType = undefined; fileEncoding = 9; includeInIndex = 0; lastKnownFileType = wrapper.framework; name = SystemConfiguration.framework; path = System/Library/Frameworks/SystemConfiguration.framework; sourceTree = SDKROOT; };
		AF668D9855CC42BB9231BBE6 /* CDVWKInAppBrowser.h */ = {isa = PBXFileReference; explicitFileType = undefined; fileEncoding = 4; includeInIndex = 0; lastKnownFileType = sourcecode.c.h; name = CDVWKInAppBrowser.h; path = "cordova-plugin-inappbrowser/CDVWKInAppBrowser.h"; sourceTree = "<group>"; };
		B4EAC244405940DCAB607057 /* CDVExif.h */ = {isa = PBXFileReference; explicitFileType = undefined; fileEncoding = 4; includeInIndex = 0; lastKnownFileType = sourcecode.c.h; name = CDVExif.h; path = "cordova-plugin-camera/CDVExif.h"; sourceTree = "<group>"; };
		B56AF5F9CC3A4CF596A93E1A /* CDVWKWebViewFileXhr.m */ = {isa = PBXFileReference; explicitFileType = undefined; fileEncoding = 4; includeInIndex = 0; lastKnownFileType = sourcecode.c.objc; name = CDVWKWebViewFileXhr.m; path = "cordova-plugin-wkwebview-file-xhr/CDVWKWebViewFileXhr.m"; sourceTree = "<group>"; };
		BB2EDC61C2CD4F569007850B /* FirebasePluginMessageReceiverManager.m */ = {isa = PBXFileReference; explicitFileType = undefined; fileEncoding = 4; includeInIndex = 0; lastKnownFileType = sourcecode.c.objc; name = FirebasePluginMessageReceiverManager.m; path = "cordova-plugin-firebasex/FirebasePluginMessageReceiverManager.m"; sourceTree = "<group>"; };
		C054D93D2E3747AA94DE1B7F /* FirebasePluginMessageReceiver.m */ = {isa = PBXFileReference; explicitFileType = undefined; fileEncoding = 4; includeInIndex = 0; lastKnownFileType = sourcecode.c.objc; name = FirebasePluginMessageReceiver.m; path = "cordova-plugin-firebasex/FirebasePluginMessageReceiver.m"; sourceTree = "<group>"; };
		C359AA307A8C46B282D44B45 /* UIImage+CropScaleOrientation.m */ = {isa = PBXFileReference; explicitFileType = undefined; fileEncoding = 4; includeInIndex = 0; lastKnownFileType = sourcecode.c.objc; name = "UIImage+CropScaleOrientation.m"; path = "cordova-plugin-camera/UIImage+CropScaleOrientation.m"; sourceTree = "<group>"; };
		D3CF3BC2B77045A5BA7D22E1 /* AppDelegate+FirebasePlugin.h */ = {isa = PBXFileReference; explicitFileType = undefined; fileEncoding = 4; includeInIndex = 0; lastKnownFileType = sourcecode.c.h; name = "AppDelegate+FirebasePlugin.h"; path = "cordova-plugin-firebasex/AppDelegate+FirebasePlugin.h"; sourceTree = "<group>"; };
		D45D45DD7FE541578F495A69 /* CustomFCMReceiver.m */ = {isa = PBXFileReference; explicitFileType = undefined; fileEncoding = 4; includeInIndex = 0; lastKnownFileType = sourcecode.c.objc; name = CustomFCMReceiver.m; path = "cordova-plugin-customfcmreceiver/CustomFCMReceiver.m"; sourceTree = "<group>"; };
		D569CD29785E4B698CBDB843 /* CDVCamera.m */ = {isa = PBXFileReference; explicitFileType = undefined; fileEncoding = 4; includeInIndex = 0; lastKnownFileType = sourcecode.c.objc; name = CDVCamera.m; path = "cordova-plugin-camera/CDVCamera.m"; sourceTree = "<group>"; };
		D56DEA8CC9EE4B069690FF8F /* CDVWKInAppBrowser.m */ = {isa = PBXFileReference; explicitFileType = undefined; fileEncoding = 4; includeInIndex = 0; lastKnownFileType = sourcecode.c.objc; name = CDVWKInAppBrowser.m; path = "cordova-plugin-inappbrowser/CDVWKInAppBrowser.m"; sourceTree = "<group>"; };
		D9EB2029728140DD9EC22E00 /* CDVReachability.h */ = {isa = PBXFileReference; explicitFileType = undefined; fileEncoding = 4; includeInIndex = 0; lastKnownFileType = sourcecode.c.h; name = CDVReachability.h; path = "cordova-plugin-network-information/CDVReachability.h"; sourceTree = "<group>"; };
		DEA4C135B6814CCBA16B747E /* CustomFCMReceiver.h */ = {isa = PBXFileReference; explicitFileType = undefined; fileEncoding = 4; includeInIndex = 0; lastKnownFileType = sourcecode.c.h; name = CustomFCMReceiver.h; path = "cordova-plugin-customfcmreceiver/CustomFCMReceiver.h"; sourceTree = "<group>"; };
		DF7D77420AC2418EBA3FAE21 /* GoogleService-Info.plist */ = {isa = PBXFileReference; explicitFileType = undefined; fileEncoding = 4; includeInIndex = 0; lastKnownFileType = text.plist.xml; path = "GoogleService-Info.plist"; sourceTree = "<group>"; };
		E011A5C46A4E4F32A6AE61C4 /* CDVAssetLibraryFilesystem.m */ = {isa = PBXFileReference; explicitFileType = undefined; fileEncoding = 4; includeInIndex = 0; lastKnownFileType = sourcecode.c.objc; name = CDVAssetLibraryFilesystem.m; path = "cordova-plugin-file/CDVAssetLibraryFilesystem.m"; sourceTree = "<group>"; };
		E27D3E19BF6A47D6ADD3F2C6 /* CDVJpegHeaderWriter.h */ = {isa = PBXFileReference; explicitFileType = undefined; fileEncoding = 4; includeInIndex = 0; lastKnownFileType = sourcecode.c.h; name = CDVJpegHeaderWriter.h; path = "cordova-plugin-camera/CDVJpegHeaderWriter.h"; sourceTree = "<group>"; };
		E2A703FED30F4F16A50DAD4C /* CustomFCMReceiverPlugin.m */ = {isa = PBXFileReference; explicitFileType = undefined; fileEncoding = 4; includeInIndex = 0; lastKnownFileType = sourcecode.c.objc; name = CustomFCMReceiverPlugin.m; path = "cordova-plugin-customfcmreceiver/CustomFCMReceiverPlugin.m"; sourceTree = "<group>"; };
		E7235021309C4E24BF8704FA /* NSString+SSURLEncoding.h */ = {isa = PBXFileReference; explicitFileType = undefined; fileEncoding = 4; includeInIndex = 0; lastKnownFileType = sourcecode.c.h; name = "NSString+SSURLEncoding.h"; path = "cordova-plugin-x-socialsharing/NSString+SSURLEncoding.h"; sourceTree = "<group>"; };
		EB87FDF31871DA8E0020F90C /* www */ = {isa = PBXFileReference; lastKnownFileType = folder; name = www; path = ../../www; sourceTree = "<group>"; };
		EB87FDF41871DAF40020F90C /* config.xml */ = {isa = PBXFileReference; lastKnownFileType = text.xml; name = config.xml; path = ../../config.xml; sourceTree = "<group>"; };
		EB91DD43B8954E80ADE5B019 /* zxing-all-in-one.cpp */ = {isa = PBXFileReference; explicitFileType = undefined; fileEncoding = 9; includeInIndex = 0; lastKnownFileType = unknown; name = "zxing-all-in-one.cpp"; path = "cordova-plugin-barcodescanner/zxing-all-in-one.cpp"; sourceTree = "<group>"; };
		ED33DF2A687741AEAF9F8254 /* Bridging-Header.h */ = {isa = PBXFileReference; fileEncoding = 4; lastKnownFileType = sourcecode.c.h; path = "Bridging-Header.h"; sourceTree = "<group>"; };
		EFADAE7D7CCB409094BBA7C2 /* FirebasePluginMessageReceiverManager.h */ = {isa = PBXFileReference; explicitFileType = undefined; fileEncoding = 4; includeInIndex = 0; lastKnownFileType = sourcecode.c.h; name = FirebasePluginMessageReceiverManager.h; path = "cordova-plugin-firebasex/FirebasePluginMessageReceiverManager.h"; sourceTree = "<group>"; };
		F6D3604DE7B74FFBAC0EF13A /* FirebasePlugin.m */ = {isa = PBXFileReference; explicitFileType = undefined; fileEncoding = 4; includeInIndex = 0; lastKnownFileType = sourcecode.c.objc; name = FirebasePlugin.m; path = "cordova-plugin-firebasex/FirebasePlugin.m"; sourceTree = "<group>"; };
		F840E1F0165FE0F500CFE078 /* config.xml */ = {isa = PBXFileReference; lastKnownFileType = text.xml; name = config.xml; path = "Grupo Inversa/config.xml"; sourceTree = "<group>"; };
/* End PBXFileReference section */

/* Begin PBXFrameworksBuildPhase section */
		1D60588F0D05DD3D006BFB54 /* Frameworks */ = {
			isa = PBXFrameworksBuildPhase;
			buildActionMask = 2147483647;
			files = (
				301BF552109A68D80062928A /* libCordova.a in Frameworks */,
				4FD7C981B3CC4142BE7FDFEC /* libiconv.dylib in Frameworks */,
				5F50D4B7C5C54D24ACEF2CAD /* AVFoundation.framework in Frameworks */,
				D2B98BCED6214B3982A5ADD3 /* CoreVideo.framework in Frameworks */,
				EF8A1CC6712F4423B46726D0 /* QuartzCore.framework in Frameworks */,
				31D85D35B2FB4ECBA10F7E12 /* ImageIO.framework in Frameworks */,
				F644D0BE59714979AE7ADBA0 /* CoreLocation.framework in Frameworks */,
				6E281C0EB345420CB6B22831 /* AudioToolbox.framework in Frameworks */,
				F106807E9E71440CBAD3EA5D /* AuthenticationServices.framework in Frameworks */,
				EBDB5679FB45F81EEE8F776B /* Pods_Grupo_Inversa.framework in Frameworks */,
				E110DF4F0AC24BD0A6179AE9 /* SystemConfiguration.framework in Frameworks */,
				8A7CA8DF9FFC4E1EBE4F9EB7 /* CoreTelephony.framework in Frameworks */,
				F1E77AA2C73C43898BDFC24D /* WebKit.framework in Frameworks */,
				2A0DCA24E9674A60B460AEA1 /* Social.framework in Frameworks */,
				C075F32316734C9E8CF4DFF1 /* MessageUI.framework in Frameworks */,
			);
			runOnlyForDeploymentPostprocessing = 0;
		};
/* End PBXFrameworksBuildPhase section */

/* Begin PBXGroup section */
		0139FB093790E377465693F5 /* Pods */ = {
			isa = PBXGroup;
			children = (
				1620AA4ED4CAD157D445025E /* Pods-Grupo Inversa.debug.xcconfig */,
				3FD3C88EE08F4FE2D314E0E3 /* Pods-Grupo Inversa.release.xcconfig */,
			);
			path = Pods;
			sourceTree = "<group>";
		};
		19C28FACFE9D520D11CA2CBB /* Products */ = {
			isa = PBXGroup;
			children = (
				1D6058910D05DD3D006BFB54 /* Grupo Inversa.app */,
			);
			name = Products;
			sourceTree = "<group>";
		};
		29B97314FDCFA39411CA2CEA /* CustomTemplate */ = {
			isa = PBXGroup;
			children = (
				EB87FDF41871DAF40020F90C /* config.xml */,
				3047A50E1AB8057F00498E2A /* config */,
				EB87FDF31871DA8E0020F90C /* www */,
				EB87FDF11871DA420020F90C /* Staging */,
				301BF52D109A57CC0062928A /* CordovaLib.xcodeproj */,
				29B97315FDCFA39411CA2CEA /* Grupo Inversa */,
				307C750510C5A3420062BCA9 /* Plugins */,
				29B97317FDCFA39411CA2CEA /* Resources */,
				29B97323FDCFA39411CA2CEA /* Frameworks */,
				19C28FACFE9D520D11CA2CBB /* Products */,
				0139FB093790E377465693F5 /* Pods */,
			);
			name = CustomTemplate;
			sourceTree = "<group>";
		};
		29B97315FDCFA39411CA2CEA /* Grupo Inversa */ = {
			isa = PBXGroup;
			children = (
				8D1107310486CEB800E47090 /* Grupo Inversa-Info.plist */,
				32CA4F630368D1EE00C91783 /* Grupo Inversa-Prefix.pch */,
				6AFF5BF81D6E424B00AB3073 /* CDVLaunchScreen.storyboard */,
				0207DA571B56EA530066E2B4 /* Assets.xcassets */,
				ED33DF2A687741AEAF9F8254 /* Bridging-Header.h */,
				302D95EE14D2391D003F00A1 /* MainViewController.h */,
				302D95EF14D2391D003F00A1 /* MainViewController.m */,
				302D95F014D2391D003F00A1 /* MainViewController.xib */,
				1D3623240D0F684500981E51 /* AppDelegate.h */,
				1D3623250D0F684500981E51 /* AppDelegate.m */,
				29B97316FDCFA39411CA2CEA /* main.m */,
			);
			path = "Grupo Inversa";
			sourceTree = "<group>";
		};
		29B97317FDCFA39411CA2CEA /* Resources */ = {
			isa = PBXGroup;
			children = (
				032792D5E5AE49DA8B334F01 /* scannerOverlay.xib */,
				7C5DAFA8196246F480BA97FB /* CDVNotification.bundle */,
				DF7D77420AC2418EBA3FAE21 /* GoogleService-Info.plist */,
			);
			name = Resources;
			path = "Grupo Inversa/Resources";
			sourceTree = "<group>";
		};
		29B97323FDCFA39411CA2CEA /* Frameworks */ = {
			isa = PBXGroup;
			children = (
				A950992636344F7E9AEB2825 /* libiconv.dylib */,
				5AA79998EEF644CA9FAB3EED /* AVFoundation.framework */,
				03BE9BE7118A4147B92CA1B5 /* CoreVideo.framework */,
				8308B154273C477B851BA94A /* QuartzCore.framework */,
				A314BFA4EE274F5F8C7E62A2 /* ImageIO.framework */,
				8736DC3DDD904F4CAE62ACB5 /* CoreLocation.framework */,
				22CF73EB3D1E4C93850FE656 /* AudioToolbox.framework */,
				6A134A27692F437EA59E10B5 /* AuthenticationServices.framework */,
				7EE8D96D17FD229754AD7D20 /* Pods_Grupo_Inversa.framework */,
				ACB3108A92424FFBA45E3411 /* SystemConfiguration.framework */,
				017CC7A82FAF42DF9A61FE0F /* CoreTelephony.framework */,
				01C13F52AA784E7582588F85 /* WebKit.framework */,
				5D4D6B7DE31F4FF4B069D695 /* Social.framework */,
				2207752B738541A1937191E6 /* MessageUI.framework */,
			);
			name = Frameworks;
			sourceTree = "<group>";
		};
		301BF52E109A57CC0062928A /* Products */ = {
			isa = PBXGroup;
			children = (
				301BF535109A57CC0062928A /* libCordova.a */,
				907D8124214C687600058A10 /* Cordova.framework */,
			);
			name = Products;
			sourceTree = "<group>";
		};
		3047A50E1AB8057F00498E2A /* config */ = {
			isa = PBXGroup;
			children = (
				3047A50F1AB8059700498E2A /* build-debug.xcconfig */,
				3047A5101AB8059700498E2A /* build-release.xcconfig */,
				3047A5111AB8059700498E2A /* build.xcconfig */,
			);
			name = config;
			sourceTree = "<group>";
		};
		307C750510C5A3420062BCA9 /* Plugins */ = {
			isa = PBXGroup;
			children = (
				937A601BC18445848895B4CF /* startApp.m */,
				841E9FB4BBBC4ED09ECBFE88 /* startApp.h */,
				1956BC4F0F3742FDA6B9F322 /* CDVBarcodeScanner.mm */,
				EB91DD43B8954E80ADE5B019 /* zxing-all-in-one.cpp */,
				9B5CA0E564604A828C037CBF /* zxing-all-in-one.h */,
				1AC1835C63474E5AA57A2072 /* CFCallNumber.m */,
				71F89A28AD764E1F842C4343 /* CFCallNumber.h */,
				C359AA307A8C46B282D44B45 /* UIImage+CropScaleOrientation.m */,
				D569CD29785E4B698CBDB843 /* CDVCamera.m */,
				974561F203C8431B950032F6 /* CDVJpegHeaderWriter.m */,
				1FC0F086C6D24ED28BEB63FD /* UIImage+CropScaleOrientation.h */,
				6F164C707FD742FC80394B3E /* CDVCamera.h */,
				E27D3E19BF6A47D6ADD3F2C6 /* CDVJpegHeaderWriter.h */,
				B4EAC244405940DCAB607057 /* CDVExif.h */,
				E2A703FED30F4F16A50DAD4C /* CustomFCMReceiverPlugin.m */,
				D45D45DD7FE541578F495A69 /* CustomFCMReceiver.m */,
				107F73F7C1F64349933D08B2 /* CustomFCMReceiverPlugin.h */,
				DEA4C135B6814CCBA16B747E /* CustomFCMReceiver.h */,
				62D4EBD9F9084AE3AB57013E /* CDVDevice.m */,
				6CCFAFBFD9C349F69A848345 /* CDVDevice.h */,
				8A2A5E28A0A24449A958CFE9 /* CDVNotification.m */,
				1EB78AEACB684B1C9B053321 /* CDVNotification.h */,
				507FE37B3AB1407EA39A785D /* CDVFile.m */,
				696747386D4D48A7B7355322 /* CDVLocalFilesystem.m */,
				E011A5C46A4E4F32A6AE61C4 /* CDVAssetLibraryFilesystem.m */,
				2D8B69F6505B432194DCF785 /* CDVFile.h */,
				28C85BD19D4544C4AF167082 /* CDVLocalFilesystem.h */,
				51F88E90675E47389299863B /* CDVAssetLibraryFilesystem.h */,
				5C9948647B9B4D80BABEF905 /* CDVFileTransfer.m */,
				832A9D05D0F24B9A957964CE /* CDVFileTransfer.h */,
				1BEE2FB6A0EE46CD81E16665 /* AppDelegate+FirebasePlugin.m */,
				F6D3604DE7B74FFBAC0EF13A /* FirebasePlugin.m */,
				C054D93D2E3747AA94DE1B7F /* FirebasePluginMessageReceiver.m */,
				BB2EDC61C2CD4F569007850B /* FirebasePluginMessageReceiverManager.m */,
				D3CF3BC2B77045A5BA7D22E1 /* AppDelegate+FirebasePlugin.h */,
				868A021319FE48AF8DCFC62B /* FirebasePlugin.h */,
				3C7490F0A89F4158BE4F3E13 /* FirebaseWrapper.h */,
				9106AA49E6F64F9E9B4A8958 /* FirebasePluginMessageReceiver.h */,
				EFADAE7D7CCB409094BBA7C2 /* FirebasePluginMessageReceiverManager.h */,
				2822914F003844AFB35C6B7A /* CDVLocation.m */,
				46BF7CD5A33244B1864C13EC /* CDVLocation.h */,
				44A30DFAF32A4703AC58C615 /* CDVInAppBrowserOptions.m */,
				634783AB788E44DDA97763ED /* CDVInAppBrowserNavigationController.m */,
				D56DEA8CC9EE4B069690FF8F /* CDVWKInAppBrowser.m */,
				329D457C66AB47248478041B /* CDVWKInAppBrowserUIDelegate.m */,
				A07344FE833445DFABE1F74B /* CDVInAppBrowserOptions.h */,
				1D02D465AA2B416F8857ACEB /* CDVInAppBrowserNavigationController.h */,
				AF668D9855CC42BB9231BBE6 /* CDVWKInAppBrowser.h */,
				6FD9ACA0F33C4BD6A4AC50D9 /* CDVWKInAppBrowserUIDelegate.h */,
				9D0EA3B1F87B4F3385F526FA /* CDVSound.m */,
				90BAD44E00FA47EBACACF344 /* CDVSound.h */,
				2F985EA40B034A88824E3FE8 /* CDVConnection.m */,
				61FE4362CF1C42DABCBB1B5E /* CDVReachability.m */,
				64CE192BC1374AC1B36C274C /* CDVConnection.h */,
				D9EB2029728140DD9EC22E00 /* CDVReachability.h */,
				B56AF5F9CC3A4CF596A93E1A /* CDVWKWebViewFileXhr.m */,
				5B4709DBB22E49D1853AD799 /* CDVWKWebViewFileXhr.h */,
				2C8BA395E1E04D829329FF23 /* NSString+SSURLEncoding.m */,
				66BAA3CE19A446F38A1FEB7F /* SocialSharing.m */,
				E7235021309C4E24BF8704FA /* NSString+SSURLEncoding.h */,
				42499D19C8C2450B961A28A7 /* SocialSharing.h */,
			);
			name = Plugins;
			path = "Grupo Inversa/Plugins";
			sourceTree = SOURCE_ROOT;
		};
		EB87FDF11871DA420020F90C /* Staging */ = {
			isa = PBXGroup;
			children = (
				F840E1F0165FE0F500CFE078 /* config.xml */,
				301BF56E109A69640062928A /* www */,
			);
			name = Staging;
			sourceTree = "<group>";
		};
/* End PBXGroup section */

/* Begin PBXNativeTarget section */
		1D6058900D05DD3D006BFB54 /* Grupo Inversa */ = {
			isa = PBXNativeTarget;
			buildConfigurationList = 1D6058960D05DD3E006BFB54 /* Build configuration list for PBXNativeTarget "Grupo Inversa" */;
			buildPhases = (
				34F7BB841067698F2BE3E583 /* [CP] Check Pods Manifest.lock */,
				857339E32710CC9700A1C74C /* Copy Staging Resources */,
				1D60588D0D05DD3D006BFB54 /* Resources */,
				1D60588E0D05DD3D006BFB54 /* Sources */,
				1D60588F0D05DD3D006BFB54 /* Frameworks */,
				3C13616E5A2C82473714A12A /* [CP] Embed Pods Frameworks */,
				24828BCC840015A4C79E77E4 /* [CP] Copy Pods Resources */,
				D158A4ED077947BBBAFDA8E2 /* Crashlytics */,
			);
			buildRules = (
			);
			dependencies = (
				301BF551109A68C00062928A /* PBXTargetDependency */,
			);
			name = "Grupo Inversa";
			productName = "Grupo Inversa";
			productReference = 1D6058910D05DD3D006BFB54 /* Grupo Inversa.app */;
			productType = "com.apple.product-type.application";
		};
/* End PBXNativeTarget section */

/* Begin PBXProject section */
		29B97313FDCFA39411CA2CEA /* Project object */ = {
			isa = PBXProject;
			attributes = {
				LastUpgradeCheck = 1130;
				TargetAttributes = {
					1D6058900D05DD3D006BFB54 = {
						ProvisioningStyle = Automatic;
					};
				};
			};
			buildConfigurationList = C01FCF4E08A954540054247B /* Build configuration list for PBXProject "Grupo Inversa" */;
			compatibilityVersion = "Xcode 11.0";
			developmentRegion = en;
			hasScannedForEncodings = 1;
			knownRegions = (
				en,
				Base,
			);
			mainGroup = 29B97314FDCFA39411CA2CEA /* CustomTemplate */;
			productRefGroup = 19C28FACFE9D520D11CA2CBB /* Products */;
			projectDirPath = "";
			projectReferences = (
				{
					ProductGroup = 301BF52E109A57CC0062928A /* Products */;
					ProjectRef = 301BF52D109A57CC0062928A /* CordovaLib.xcodeproj */;
				},
			);
			projectRoot = "";
			targets = (
				1D6058900D05DD3D006BFB54 /* Grupo Inversa */,
			);
		};
/* End PBXProject section */

/* Begin PBXReferenceProxy section */
		301BF535109A57CC0062928A /* libCordova.a */ = {
			isa = PBXReferenceProxy;
			fileType = archive.ar;
			path = libCordova.a;
			remoteRef = 301BF534109A57CC0062928A /* PBXContainerItemProxy */;
			sourceTree = BUILT_PRODUCTS_DIR;
		};
		907D8124214C687600058A10 /* Cordova.framework */ = {
			isa = PBXReferenceProxy;
			fileType = wrapper.framework;
			path = Cordova.framework;
			remoteRef = 907D8123214C687600058A10 /* PBXContainerItemProxy */;
			sourceTree = BUILT_PRODUCTS_DIR;
		};
/* End PBXReferenceProxy section */

/* Begin PBXResourcesBuildPhase section */
		1D60588D0D05DD3D006BFB54 /* Resources */ = {
			isa = PBXResourcesBuildPhase;
			buildActionMask = 2147483647;
			files = (
				302D95F214D2391D003F00A1 /* MainViewController.xib in Resources */,
				0207DA581B56EA530066E2B4 /* Assets.xcassets in Resources */,
				6AFF5BF91D6E424B00AB3073 /* CDVLaunchScreen.storyboard in Resources */,
				02A426A4AEB7469DBE17159A /* scannerOverlay.xib in Resources */,
				9C95FA57FCB34C8E80C1B15F /* CDVNotification.bundle in Resources */,
				C4EE1D291D4C4B35ADDE70E8 /* GoogleService-Info.plist in Resources */,
			);
			runOnlyForDeploymentPostprocessing = 0;
		};
/* End PBXResourcesBuildPhase section */

/* Begin PBXShellScriptBuildPhase section */
		24828BCC840015A4C79E77E4 /* [CP] Copy Pods Resources */ = {
			isa = PBXShellScriptBuildPhase;
			buildActionMask = 2147483647;
			files = (
			);
			inputFileListPaths = (
				"${PODS_ROOT}/Target Support Files/Pods-Grupo Inversa/Pods-Grupo Inversa-resources-${CONFIGURATION}-input-files.xcfilelist",
			);
			name = "[CP] Copy Pods Resources";
			outputFileListPaths = (
				"${PODS_ROOT}/Target Support Files/Pods-Grupo Inversa/Pods-Grupo Inversa-resources-${CONFIGURATION}-output-files.xcfilelist",
			);
			runOnlyForDeploymentPostprocessing = 0;
			shellPath = /bin/sh;
			shellScript = "\"${PODS_ROOT}/Target Support Files/Pods-Grupo Inversa/Pods-Grupo Inversa-resources.sh\"\n";
			showEnvVarsInLog = 0;
		};
		34F7BB841067698F2BE3E583 /* [CP] Check Pods Manifest.lock */ = {
			isa = PBXShellScriptBuildPhase;
			buildActionMask = 2147483647;
			files = (
			);
			inputFileListPaths = (
			);
			inputPaths = (
				"${PODS_PODFILE_DIR_PATH}/Podfile.lock",
				"${PODS_ROOT}/Manifest.lock",
			);
			name = "[CP] Check Pods Manifest.lock";
			outputFileListPaths = (
			);
			outputPaths = (
				"$(DERIVED_FILE_DIR)/Pods-Grupo Inversa-checkManifestLockResult.txt",
			);
			runOnlyForDeploymentPostprocessing = 0;
			shellPath = /bin/sh;
			shellScript = "diff \"${PODS_PODFILE_DIR_PATH}/Podfile.lock\" \"${PODS_ROOT}/Manifest.lock\" > /dev/null\nif [ $? != 0 ] ; then\n    # print error to STDERR\n    echo \"error: The sandbox is not in sync with the Podfile.lock. Run 'pod install' or update your CocoaPods installation.\" >&2\n    exit 1\nfi\n# This output is used by Xcode 'outputs' to avoid re-running this script phase.\necho \"SUCCESS\" > \"${SCRIPT_OUTPUT_FILE_0}\"\n";
			showEnvVarsInLog = 0;
		};
		3C13616E5A2C82473714A12A /* [CP] Embed Pods Frameworks */ = {
			isa = PBXShellScriptBuildPhase;
			buildActionMask = 2147483647;
			files = (
			);
			inputFileListPaths = (
				"${PODS_ROOT}/Target Support Files/Pods-Grupo Inversa/Pods-Grupo Inversa-frameworks-${CONFIGURATION}-input-files.xcfilelist",
			);
			name = "[CP] Embed Pods Frameworks";
			outputFileListPaths = (
				"${PODS_ROOT}/Target Support Files/Pods-Grupo Inversa/Pods-Grupo Inversa-frameworks-${CONFIGURATION}-output-files.xcfilelist",
			);
			runOnlyForDeploymentPostprocessing = 0;
			shellPath = /bin/sh;
			shellScript = "\"${PODS_ROOT}/Target Support Files/Pods-Grupo Inversa/Pods-Grupo Inversa-frameworks.sh\"\n";
			showEnvVarsInLog = 0;
		};
		D158A4ED077947BBBAFDA8E2 /* Crashlytics */ = {
			isa = PBXShellScriptBuildPhase;
			buildActionMask = 2147483647;
			files = (
			);
			inputPaths = (
				"$(BUILT_PRODUCTS_DIR)/$(INFOPLIST_PATH)",
			);
			name = Crashlytics;
			outputPaths = (
			);
			runOnlyForDeploymentPostprocessing = 0;
			shellPath = /bin/sh;
			shellScript = "\"${PODS_ROOT}/FirebaseCrashlytics/run\"";
			showEnvVarsInLog = 0;
		};
/* End PBXShellScriptBuildPhase section */

/* Begin PBXSourcesBuildPhase section */
		1D60588E0D05DD3D006BFB54 /* Sources */ = {
			isa = PBXSourcesBuildPhase;
			buildActionMask = 2147483647;
			files = (
				1D60589B0D05DD56006BFB54 /* main.m in Sources */,
				1D3623260D0F684500981E51 /* AppDelegate.m in Sources */,
				302D95F114D2391D003F00A1 /* MainViewController.m in Sources */,
				F05A3328611E405795C8FCD1 /* startApp.m in Sources */,
				EFB286353D75402B93A94EB2 /* CDVBarcodeScanner.mm in Sources */,
				1029762F7EAD494D9657DBCE /* zxing-all-in-one.cpp in Sources */,
				209978F2280E41BAA1425048 /* CFCallNumber.m in Sources */,
				A87575D8FADD4674A46BD04E /* UIImage+CropScaleOrientation.m in Sources */,
				6E48300A6B69419386BB8790 /* CDVCamera.m in Sources */,
				AD192CC48FAA4F3ABF5DE714 /* CDVJpegHeaderWriter.m in Sources */,
				990D511C7A274B98A8C9BFA1 /* CustomFCMReceiverPlugin.m in Sources */,
				1EAC559176FE4F6FABC8CDD3 /* CustomFCMReceiver.m in Sources */,
				FD9EC9C8CF214D06BE64DA9E /* CDVDevice.m in Sources */,
				E2AD7D212D484B3181B59D0F /* CDVNotification.m in Sources */,
				A2FC43A91F5A4044B7ABB2D5 /* CDVFile.m in Sources */,
				1A5E6C28DBEB43C5A1FB9346 /* CDVLocalFilesystem.m in Sources */,
				57C8767B0F6947C798AE19E9 /* CDVAssetLibraryFilesystem.m in Sources */,
				29F5DBD130534BC880364CF7 /* CDVFileTransfer.m in Sources */,
				1B70C114539647A49B233D1B /* AppDelegate+FirebasePlugin.m in Sources */,
				03106C9492FD43B9BA028A9B /* FirebasePlugin.m in Sources */,
				514F8227A75D41498383FEAD /* FirebasePluginMessageReceiver.m in Sources */,
				ECAB52853DF044F2B1786086 /* FirebasePluginMessageReceiverManager.m in Sources */,
				8FD20FE6052244C2A105443A /* CDVLocation.m in Sources */,
				2AB9E04F105A451691B0246C /* CDVInAppBrowserOptions.m in Sources */,
				DEBAAB0D0E9241269568EF82 /* CDVInAppBrowserNavigationController.m in Sources */,
				7F97CF8E0FBF47C6B1FCA775 /* CDVWKInAppBrowser.m in Sources */,
				57399894E53E470A8E8DF0B7 /* CDVWKInAppBrowserUIDelegate.m in Sources */,
				8B3EADBAECC74F65A2984A1A /* CDVSound.m in Sources */,
				773BF5A0042840F2837715F9 /* CDVConnection.m in Sources */,
				29989017E6214D43B99E2247 /* CDVReachability.m in Sources */,
				E9351FDB5848447F9D206A34 /* CDVWKWebViewFileXhr.m in Sources */,
				FC5419FDC58443A096ABD49A /* NSString+SSURLEncoding.m in Sources */,
				842D467E320B4A85978B2762 /* SocialSharing.m in Sources */,
			);
			runOnlyForDeploymentPostprocessing = 0;
		};
/* End PBXSourcesBuildPhase section */

/* Begin PBXTargetDependency section */
		301BF551109A68C00062928A /* PBXTargetDependency */ = {
			isa = PBXTargetDependency;
			name = CordovaLib;
			targetProxy = 301BF550109A68C00062928A /* PBXContainerItemProxy */;
		};
/* End PBXTargetDependency section */

/* Begin XCBuildConfiguration section */
		1D6058940D05DD3E006BFB54 /* Debug */ = {
			isa = XCBuildConfiguration;
			baseConfigurationReference = 3047A50F1AB8059700498E2A /* build-debug.xcconfig */;
			buildSettings = {
				ALWAYS_SEARCH_USER_PATHS = NO;
				ASSETCATALOG_COMPILER_APPICON_NAME = AppIcon;
				CLANG_ENABLE_MODULES = YES;
				CLANG_ENABLE_OBJC_ARC = YES;
				COPY_PHASE_STRIP = NO;
				DEVELOPMENT_TEAM = 69UPTDFR2D;
				GCC_DYNAMIC_NO_PIC = NO;
				GCC_OPTIMIZATION_LEVEL = 0;
				GCC_PRECOMPILE_PREFIX_HEADER = YES;
				GCC_PREFIX_HEADER = "Grupo Inversa/Grupo Inversa-Prefix.pch";
				GCC_THUMB_SUPPORT = NO;
				GCC_VERSION = "";
				INFOPLIST_FILE = "Grupo Inversa/Grupo Inversa-Info.plist";
				IPHONEOS_DEPLOYMENT_TARGET = 11.0;
				LD_RUNPATH_SEARCH_PATHS = "$(inherited) @executable_path/Frameworks";
				PRODUCT_BUNDLE_IDENTIFIER = com.inversa.app;
				PRODUCT_NAME = "$(TARGET_NAME)";
				SUPPORTS_MACCATALYST = YES;
				TARGETED_DEVICE_FAMILY = "1,2";
				VALIDATE_WORKSPACE = NO;
			};
			name = Debug;
		};
		1D6058950D05DD3E006BFB54 /* Release */ = {
			isa = XCBuildConfiguration;
			baseConfigurationReference = 3047A5101AB8059700498E2A /* build-release.xcconfig */;
			buildSettings = {
				ALWAYS_SEARCH_USER_PATHS = NO;
				ASSETCATALOG_COMPILER_APPICON_NAME = AppIcon;
				CLANG_ENABLE_MODULES = YES;
				CLANG_ENABLE_OBJC_ARC = YES;
				COPY_PHASE_STRIP = YES;
				GCC_PRECOMPILE_PREFIX_HEADER = YES;
				GCC_PREFIX_HEADER = "Grupo Inversa/Grupo Inversa-Prefix.pch";
				GCC_THUMB_SUPPORT = NO;
				GCC_VERSION = "";
				INFOPLIST_FILE = "Grupo Inversa/Grupo Inversa-Info.plist";
				IPHONEOS_DEPLOYMENT_TARGET = 11.0;
				LD_RUNPATH_SEARCH_PATHS = "$(inherited) @executable_path/Frameworks";
				PRODUCT_BUNDLE_IDENTIFIER = com.inversa.app;
				PRODUCT_NAME = "$(TARGET_NAME)";
				SUPPORTS_MACCATALYST = YES;
				TARGETED_DEVICE_FAMILY = "1,2";
				VALIDATE_WORKSPACE = NO;
			};
			name = Release;
		};
		C01FCF4F08A954540054247B /* Debug */ = {
			isa = XCBuildConfiguration;
			baseConfigurationReference = 3047A5111AB8059700498E2A /* build.xcconfig */;
			buildSettings = {
				CLANG_ANALYZER_LOCALIZABILITY_NONLOCALIZED = YES;
				CLANG_ENABLE_MODULES = YES;
				CLANG_ENABLE_OBJC_ARC = YES;
				CLANG_WARN_BLOCK_CAPTURE_AUTORELEASING = YES;
				CLANG_WARN_BOOL_CONVERSION = YES;
				CLANG_WARN_COMMA = YES;
				CLANG_WARN_CONSTANT_CONVERSION = YES;
				CLANG_WARN_DEPRECATED_OBJC_IMPLEMENTATIONS = YES;
				CLANG_WARN_EMPTY_BODY = YES;
				CLANG_WARN_ENUM_CONVERSION = YES;
				CLANG_WARN_INFINITE_RECURSION = YES;
				CLANG_WARN_INT_CONVERSION = YES;
				CLANG_WARN_NON_LITERAL_NULL_CONVERSION = YES;
				CLANG_WARN_OBJC_IMPLICIT_RETAIN_SELF = YES;
				CLANG_WARN_OBJC_LITERAL_CONVERSION = YES;
				CLANG_WARN_QUOTED_INCLUDE_IN_FRAMEWORK_HEADER = YES;
				CLANG_WARN_RANGE_LOOP_ANALYSIS = YES;
				CLANG_WARN_STRICT_PROTOTYPES = YES;
				CLANG_WARN_SUSPICIOUS_MOVE = YES;
				CLANG_WARN_UNREACHABLE_CODE = YES;
				CLANG_WARN__DUPLICATE_METHOD_MATCH = YES;
				ENABLE_STRICT_OBJC_MSGSEND = YES;
				ENABLE_TESTABILITY = YES;
				ENABLE_USER_SCRIPT_SANDBOXING = NO;
				GCC_C_LANGUAGE_STANDARD = c99;
				GCC_NO_COMMON_BLOCKS = YES;
				GCC_THUMB_SUPPORT = NO;
				GCC_VERSION = "";
				GCC_WARN_64_TO_32_BIT_CONVERSION = YES;
				GCC_WARN_ABOUT_RETURN_TYPE = YES;
				GCC_WARN_UNDECLARED_SELECTOR = YES;
				GCC_WARN_UNINITIALIZED_AUTOS = YES;
				GCC_WARN_UNUSED_FUNCTION = YES;
				GCC_WARN_UNUSED_VARIABLE = YES;
				LD_RUNPATH_SEARCH_PATHS = "$(inherited) @executable_path/Frameworks";
				MERGED_BINARY_TYPE = automatic;
				ONLY_ACTIVE_ARCH = YES;
				SDKROOT = iphoneos;
				SKIP_INSTALL = NO;
				WK_WEB_VIEW_ONLY = 1;
			};
			name = Debug;
		};
		C01FCF5008A954540054247B /* Release */ = {
			isa = XCBuildConfiguration;
			baseConfigurationReference = 3047A5111AB8059700498E2A /* build.xcconfig */;
			buildSettings = {
				CLANG_ANALYZER_LOCALIZABILITY_NONLOCALIZED = YES;
				CLANG_ENABLE_MODULES = YES;
				CLANG_ENABLE_OBJC_ARC = YES;
				CLANG_WARN_BLOCK_CAPTURE_AUTORELEASING = YES;
				CLANG_WARN_BOOL_CONVERSION = YES;
				CLANG_WARN_COMMA = YES;
				CLANG_WARN_CONSTANT_CONVERSION = YES;
				CLANG_WARN_DEPRECATED_OBJC_IMPLEMENTATIONS = YES;
				CLANG_WARN_EMPTY_BODY = YES;
				CLANG_WARN_ENUM_CONVERSION = YES;
				CLANG_WARN_INFINITE_RECURSION = YES;
				CLANG_WARN_INT_CONVERSION = YES;
				CLANG_WARN_NON_LITERAL_NULL_CONVERSION = YES;
				CLANG_WARN_OBJC_IMPLICIT_RETAIN_SELF = YES;
				CLANG_WARN_OBJC_LITERAL_CONVERSION = YES;
				CLANG_WARN_QUOTED_INCLUDE_IN_FRAMEWORK_HEADER = YES;
				CLANG_WARN_RANGE_LOOP_ANALYSIS = YES;
				CLANG_WARN_STRICT_PROTOTYPES = YES;
				CLANG_WARN_SUSPICIOUS_MOVE = YES;
				CLANG_WARN_UNREACHABLE_CODE = YES;
				CLANG_WARN__DUPLICATE_METHOD_MATCH = YES;
				ENABLE_STRICT_OBJC_MSGSEND = YES;
				ENABLE_USER_SCRIPT_SANDBOXING = NO;
				GCC_C_LANGUAGE_STANDARD = c99;
				GCC_NO_COMMON_BLOCKS = YES;
				GCC_THUMB_SUPPORT = NO;
				GCC_VERSION = "";
				GCC_WARN_64_TO_32_BIT_CONVERSION = YES;
				GCC_WARN_ABOUT_RETURN_TYPE = YES;
				GCC_WARN_UNDECLARED_SELECTOR = YES;
				GCC_WARN_UNINITIALIZED_AUTOS = YES;
				GCC_WARN_UNUSED_FUNCTION = YES;
				GCC_WARN_UNUSED_VARIABLE = YES;
				LD_RUNPATH_SEARCH_PATHS = "$(inherited) @executable_path/Frameworks";
				MERGED_BINARY_TYPE = automatic;
				SDKROOT = iphoneos;
				SKIP_INSTALL = NO;
				WK_WEB_VIEW_ONLY = 1;
			};
			name = Release;
		};
/* End XCBuildConfiguration section */

/* Begin XCConfigurationList section */
		1D6058960D05DD3E006BFB54 /* Build configuration list for PBXNativeTarget "Grupo Inversa" */ = {
			isa = XCConfigurationList;
			buildConfigurations = (
				1D6058940D05DD3E006BFB54 /* Debug */,
				1D6058950D05DD3E006BFB54 /* Release */,
			);
			defaultConfigurationIsVisible = 0;
			defaultConfigurationName = Release;
		};
		C01FCF4E08A954540054247B /* Build configuration list for PBXProject "Grupo Inversa" */ = {
			isa = XCConfigurationList;
			buildConfigurations = (
				C01FCF4F08A954540054247B /* Debug */,
				C01FCF5008A954540054247B /* Release */,
			);
			defaultConfigurationIsVisible = 0;
			defaultConfigurationName = Release;
		};
/* End XCConfigurationList section */
	};
	rootObject = 29B97313FDCFA39411CA2CEA /* Project object */;
}
