// !$*UTF8*$!
{
	archiveVersion = 1;
	classes = {
	};
	objectVersion = 52;
	objects = {

/* Begin PBXBuildFile section */
		0207DA581B56EA530066E2B4 /* Images.xcassets in Resources */ = {isa = PBXBuildFile; fileRef = 0207DA571B56EA530066E2B4 /* Images.xcassets */; };
		0BAA2B5F43754E71A3C55595 /* Social.framework in Frameworks */ = {isa = PBXBuildFile; fileRef = EB626E62A4D043EE86D6FE75 /* Social.framework */; settings = {ATTRIBUTES = (Weak, ); }; };
		0FF86E0BD8CF4BB791557719 /* UIImage+CropScaleOrientation.m in Sources */ = {isa = PBXBuildFile; fileRef = 9D3710AE2A244B8993F6586D /* UIImage+CropScaleOrientation.m */; };
		182D5931F17D448EB78421C8 /* CDVInAppBrowserOptions.m in Sources */ = {isa = PBXBuildFile; fileRef = 5388DBF697DA4B26963FC0C3 /* CDVInAppBrowserOptions.m */; };
		1B8F2FAC6DAB445590AAA647 /* AVFoundation.framework in Frameworks */ = {isa = PBXBuildFile; fileRef = B4A2CEB0F0FE438AA458F3CD /* AVFoundation.framework */; };
		1D3623260D0F684500981E51 /* AppDelegate.m in Sources */ = {isa = PBXBuildFile; fileRef = 1D3623250D0F684500981E51 /* AppDelegate.m */; };
		1D60589B0D05DD56006BFB54 /* main.m in Sources */ = {isa = PBXBuildFile; fileRef = 29B97316FDCFA39411CA2CEA /* main.m */; };
		2B48AC125031459698B15D8E /* CDVSound.m in Sources */ = {isa = PBXBuildFile; fileRef = 5C863AF8A5964F358752E8CD /* CDVSound.m */; };
		2DFCE8B6F9CB4EE891FBA6EC /* FirebasePluginMessageReceiverManager.m in Sources */ = {isa = PBXBuildFile; fileRef = 0BE271660A134FA8A1CB7D2F /* FirebasePluginMessageReceiverManager.m */; };
		301BF552109A68D80062928A /* libCordova.a in Frameworks */ = {isa = PBXBuildFile; fileRef = 301BF535109A57CC0062928A /* libCordova.a */; settings = {ATTRIBUTES = (Required, ); }; };
		302D95F114D2391D003F00A1 /* MainViewController.m in Sources */ = {isa = PBXBuildFile; fileRef = 302D95EF14D2391D003F00A1 /* MainViewController.m */; };
		302D95F214D2391D003F00A1 /* MainViewController.xib in Resources */ = {isa = PBXBuildFile; fileRef = 302D95F014D2391D003F00A1 /* MainViewController.xib */; };
		3070AF223A70405F9EDD2608 /* CDVLocalFilesystem.m in Sources */ = {isa = PBXBuildFile; fileRef = 1C5986CD7B784D99B86664C5 /* CDVLocalFilesystem.m */; };
		30850D9DDED54CDA8760D83E /* CoreTelephony.framework in Frameworks */ = {isa = PBXBuildFile; fileRef = 0BB2535F39514AC29A1953A8 /* CoreTelephony.framework */; };
		30A6722870E64C0998902745 /* ImageIO.framework in Frameworks */ = {isa = PBXBuildFile; fileRef = A0BBFC9962684DFDB4079859 /* ImageIO.framework */; settings = {ATTRIBUTES = (Weak, ); }; };
		3B0A5A2C6E9D4F5097B0296E /* AuthenticationServices.framework in Frameworks */ = {isa = PBXBuildFile; fileRef = 24CBE701642F42C2AF2D1EF3 /* AuthenticationServices.framework */; };
		437BD21D534B45D1AA184915 /* CDVWKInAppBrowser.m in Sources */ = {isa = PBXBuildFile; fileRef = D67E223FD7204E379D4AA05C /* CDVWKInAppBrowser.m */; };
		453F202042EC456980789B9C /* CDVCamera.m in Sources */ = {isa = PBXBuildFile; fileRef = 1081864B43664B2A83E54FCC /* CDVCamera.m */; };
		48DB88FB27514D41A9C8E3C4 /* CDVJpegHeaderWriter.m in Sources */ = {isa = PBXBuildFile; fileRef = 23526B67BFA44804B426423B /* CDVJpegHeaderWriter.m */; };
		4B341A0998224F5DB70ACE8D /* CDVFile.m in Sources */ = {isa = PBXBuildFile; fileRef = 59A19ED3FC2C4D9BA12D7666 /* CDVFile.m */; };
		5B10B611E25C4186B20E2E74 /* FirebasePlugin.m in Sources */ = {isa = PBXBuildFile; fileRef = FB52F7419DC643E8AE036477 /* FirebasePlugin.m */; };
		5C566FC49EBD422FB638827F /* AppDelegate+FirebasePlugin.m in Sources */ = {isa = PBXBuildFile; fileRef = 7556071401654A05AC9C82E0 /* AppDelegate+FirebasePlugin.m */; };
		5DB2D3D5A67C4AB788C7F34D /* CDVWKWebViewFileXhr.m in Sources */ = {isa = PBXBuildFile; fileRef = 10B8889C900B4745B380429C /* CDVWKWebViewFileXhr.m */; };
		5FEFEA5A6B02E2E877B2F7C5 /* Pods_Grupo_Inversa.framework in Frameworks */ = {isa = PBXBuildFile; fileRef = 2B827F9C0716ADFABE5A1514 /* Pods_Grupo_Inversa.framework */; };
		68287C1A39BD4CF38C569DA3 /* CDVFileTransfer.m in Sources */ = {isa = PBXBuildFile; fileRef = 8218D2AA089A4B238B5D6BE8 /* CDVFileTransfer.m */; };
		6AFF5BF91D6E424B00AB3073 /* CDVLaunchScreen.storyboard in Resources */ = {isa = PBXBuildFile; fileRef = 6AFF5BF81D6E424B00AB3073 /* CDVLaunchScreen.storyboard */; };
		6DDE9215D283463AA401FD6A /* CustomFCMReceiver.m in Sources */ = {isa = PBXBuildFile; fileRef = A300F5D131C049DAB1A4BC20 /* CustomFCMReceiver.m */; };
		897D1F10D2894CAB90BCB97C /* CDVConnection.m in Sources */ = {isa = PBXBuildFile; fileRef = 2B3E08B12FB64FE4916171D4 /* CDVConnection.m */; };
		90A8E06FB2B449729D70CE2A /* GoogleService-Info.plist in Resources */ = {isa = PBXBuildFile; fileRef = B187882DE6514EEFA7D4ABCD /* GoogleService-Info.plist */; };
		932953E73922497EBA256E57 /* CustomFCMReceiverPlugin.m in Sources */ = {isa = PBXBuildFile; fileRef = 70E5F3879EAF4106A842D3B8 /* CustomFCMReceiverPlugin.m */; };
		9CA9F1B524714A83B64120B0 /* FirebasePluginMessageReceiver.m in Sources */ = {isa = PBXBuildFile; fileRef = 161C3BE5034B4CD38BD7D2CC /* FirebasePluginMessageReceiver.m */; };
		A01F853F3C894AAF995CEA38 /* SystemConfiguration.framework in Frameworks */ = {isa = PBXBuildFile; fileRef = 5EB8112BA3C74D0FBCDB9097 /* SystemConfiguration.framework */; settings = {ATTRIBUTES = (Weak, ); }; };
		A7D396F3289F4F5BB20F4CF6 /* SocialSharing.m in Sources */ = {isa = PBXBuildFile; fileRef = 7D75B916CFBC401A9BA8E7D0 /* SocialSharing.m */; };
		BAF67A2E414240F3888731A5 /* CDVWKInAppBrowserUIDelegate.m in Sources */ = {isa = PBXBuildFile; fileRef = 3F01381F640B43A3B8F26F2A /* CDVWKInAppBrowserUIDelegate.m */; };
		CE5899B86E8B484FB4210062 /* MessageUI.framework in Frameworks */ = {isa = PBXBuildFile; fileRef = 5DDD64C19D904E6CB95E9385 /* MessageUI.framework */; settings = {ATTRIBUTES = (Weak, ); }; };
		D259E34577EF4F37B6B8713D /* CDVAssetLibraryFilesystem.m in Sources */ = {isa = PBXBuildFile; fileRef = E464D50645944FAC8A86F32F /* CDVAssetLibraryFilesystem.m */; };
		D4BC2C9D2DCD4267806FF1F0 /* CDVLocation.m in Sources */ = {isa = PBXBuildFile; fileRef = 70F6EC789FFC4FE1B975603C /* CDVLocation.m */; };
		D70DDF533D68407F96D8C0DF /* WebKit.framework in Frameworks */ = {isa = PBXBuildFile; fileRef = D02EE1EB64CC4CC7BD7808B7 /* WebKit.framework */; settings = {ATTRIBUTES = (Weak, ); }; };
		D810CF552B6243E1B1FF1FAB /* CDVReachability.m in Sources */ = {isa = PBXBuildFile; fileRef = 79798B0BAED84B58BC06FCEB /* CDVReachability.m */; };
		D852790616C1487598BAE928 /* CDVInAppBrowserNavigationController.m in Sources */ = {isa = PBXBuildFile; fileRef = F6F21AB110494B76874E1173 /* CDVInAppBrowserNavigationController.m */; };
		DED41585276B42039FD1A8A6 /* CDVDevice.m in Sources */ = {isa = PBXBuildFile; fileRef = 928A150A820D498490371DAB /* CDVDevice.m */; };
		E3FA2C212B5344BD82ACAFFA /* NSString+SSURLEncoding.m in Sources */ = {isa = PBXBuildFile; fileRef = FD21C2CF12AA44A194DEB66D /* NSString+SSURLEncoding.m */; };
		E84EC3CD629B404994A76D82 /* CoreLocation.framework in Frameworks */ = {isa = PBXBuildFile; fileRef = CA03AFE216364C879A85F842 /* CoreLocation.framework */; };
/* End PBXBuildFile section */

/* Begin PBXContainerItemProxy section */
		301BF534109A57CC0062928A /* PBXContainerItemProxy */ = {
			isa = PBXContainerItemProxy;
			containerPortal = 301BF52D109A57CC0062928A /* CordovaLib.xcodeproj */;
			proxyType = 2;
			remoteGlobalIDString = D2AAC07E0554694100DB518D;
			remoteInfo = CordovaLib;
		};
		301BF550109A68C00062928A /* PBXContainerItemProxy */ = {
			isa = PBXContainerItemProxy;
			containerPortal = 301BF52D109A57CC0062928A /* CordovaLib.xcodeproj */;
			proxyType = 1;
			remoteGlobalIDString = D2AAC07D0554694100DB518D;
			remoteInfo = CordovaLib;
		};
		907D8123214C687600058A10 /* PBXContainerItemProxy */ = {
			isa = PBXContainerItemProxy;
			containerPortal = 301BF52D109A57CC0062928A /* CordovaLib.xcodeproj */;
			proxyType = 2;
			remoteGlobalIDString = C0C01EB21E3911D50056E6CB;
			remoteInfo = Cordova;
		};
/* End PBXContainerItemProxy section */

/* Begin PBXFileReference section */
		0207DA571B56EA530066E2B4 /* Images.xcassets */ = {isa = PBXFileReference; lastKnownFileType = folder.assetcatalog; name = Images.xcassets; path = "Grupo Inversa/Images.xcassets"; sourceTree = SOURCE_ROOT; };
		0671A1FF0C2B4416947E4B4D /* CDVFileTransfer.h */ = {isa = PBXFileReference; explicitFileType = undefined; fileEncoding = 4; includeInIndex = 0; lastKnownFileType = sourcecode.c.h; name = CDVFileTransfer.h; path = "cordova-plugin-file-transfer/CDVFileTransfer.h"; sourceTree = "<group>"; };
		0BB2535F39514AC29A1953A8 /* CoreTelephony.framework */ = {isa = PBXFileReference; explicitFileType = undefined; fileEncoding = 9; includeInIndex = 0; lastKnownFileType = wrapper.framework; name = CoreTelephony.framework; path = System/Library/Frameworks/CoreTelephony.framework; sourceTree = SDKROOT; };
		0BE271660A134FA8A1CB7D2F /* FirebasePluginMessageReceiverManager.m */ = {isa = PBXFileReference; explicitFileType = undefined; fileEncoding = 4; includeInIndex = 0; lastKnownFileType = sourcecode.c.objc; name = FirebasePluginMessageReceiverManager.m; path = "cordova-plugin-firebasex/FirebasePluginMessageReceiverManager.m"; sourceTree = "<group>"; };
		1081864B43664B2A83E54FCC /* CDVCamera.m */ = {isa = PBXFileReference; explicitFileType = undefined; fileEncoding = 4; includeInIndex = 0; lastKnownFileType = sourcecode.c.objc; name = CDVCamera.m; path = "cordova-plugin-camera/CDVCamera.m"; sourceTree = "<group>"; };
		10B8889C900B4745B380429C /* CDVWKWebViewFileXhr.m */ = {isa = PBXFileReference; explicitFileType = undefined; fileEncoding = 4; includeInIndex = 0; lastKnownFileType = sourcecode.c.objc; name = CDVWKWebViewFileXhr.m; path = "cordova-plugin-wkwebview-file-xhr/CDVWKWebViewFileXhr.m"; sourceTree = "<group>"; };
		161C3BE5034B4CD38BD7D2CC /* FirebasePluginMessageReceiver.m */ = {isa = PBXFileReference; explicitFileType = undefined; fileEncoding = 4; includeInIndex = 0; lastKnownFileType = sourcecode.c.objc; name = FirebasePluginMessageReceiver.m; path = "cordova-plugin-firebasex/FirebasePluginMessageReceiver.m"; sourceTree = "<group>"; };
		1C5986CD7B784D99B86664C5 /* CDVLocalFilesystem.m */ = {isa = PBXFileReference; explicitFileType = undefined; fileEncoding = 4; includeInIndex = 0; lastKnownFileType = sourcecode.c.objc; name = CDVLocalFilesystem.m; path = "cordova-plugin-file/CDVLocalFilesystem.m"; sourceTree = "<group>"; };
		1D3623240D0F684500981E51 /* AppDelegate.h */ = {isa = PBXFileReference; fileEncoding = 4; lastKnownFileType = sourcecode.c.h; path = AppDelegate.h; sourceTree = "<group>"; };
		1D3623250D0F684500981E51 /* AppDelegate.m */ = {isa = PBXFileReference; fileEncoding = 4; lastKnownFileType = sourcecode.c.objc; path = AppDelegate.m; sourceTree = "<group>"; };
		1D6058910D05DD3D006BFB54 /* Grupo Inversa.app */ = {isa = PBXFileReference; explicitFileType = wrapper.application; includeInIndex = 0; path = "Grupo Inversa.app"; sourceTree = BUILT_PRODUCTS_DIR; };
		1DB753E13FB74A4999804335 /* CDVDevice.h */ = {isa = PBXFileReference; explicitFileType = undefined; fileEncoding = 4; includeInIndex = 0; lastKnownFileType = sourcecode.c.h; name = CDVDevice.h; path = "cordova-plugin-device/CDVDevice.h"; sourceTree = "<group>"; };
		23526B67BFA44804B426423B /* CDVJpegHeaderWriter.m */ = {isa = PBXFileReference; explicitFileType = undefined; fileEncoding = 4; includeInIndex = 0; lastKnownFileType = sourcecode.c.objc; name = CDVJpegHeaderWriter.m; path = "cordova-plugin-camera/CDVJpegHeaderWriter.m"; sourceTree = "<group>"; };
		24CBE701642F42C2AF2D1EF3 /* AuthenticationServices.framework */ = {isa = PBXFileReference; explicitFileType = undefined; fileEncoding = 9; includeInIndex = 0; lastKnownFileType = wrapper.framework; name = AuthenticationServices.framework; path = System/Library/Frameworks/AuthenticationServices.framework; sourceTree = SDKROOT; };
		27595EB165557EF41EE64D67 /* Pods-Grupo Inversa.debug.xcconfig */ = {isa = PBXFileReference; includeInIndex = 1; lastKnownFileType = text.xcconfig; name = "Pods-Grupo Inversa.debug.xcconfig"; path = "Target Support Files/Pods-Grupo Inversa/Pods-Grupo Inversa.debug.xcconfig"; sourceTree = "<group>"; };
		29B97316FDCFA39411CA2CEA /* main.m */ = {isa = PBXFileReference; fileEncoding = 4; lastKnownFileType = sourcecode.c.objc; path = main.m; sourceTree = "<group>"; };
		2B3E08B12FB64FE4916171D4 /* CDVConnection.m */ = {isa = PBXFileReference; explicitFileType = undefined; fileEncoding = 4; includeInIndex = 0; lastKnownFileType = sourcecode.c.objc; name = CDVConnection.m; path = "cordova-plugin-network-information/CDVConnection.m"; sourceTree = "<group>"; };
		2B827F9C0716ADFABE5A1514 /* Pods_Grupo_Inversa.framework */ = {isa = PBXFileReference; explicitFileType = wrapper.framework; includeInIndex = 0; path = Pods_Grupo_Inversa.framework; sourceTree = BUILT_PRODUCTS_DIR; };
		301BF52D109A57CC0062928A /* CordovaLib.xcodeproj */ = {isa = PBXFileReference; lastKnownFileType = "wrapper.pb-project"; name = CordovaLib.xcodeproj; path = CordovaLib/CordovaLib.xcodeproj; sourceTree = "<group>"; };
		301BF56E109A69640062928A /* www */ = {isa = PBXFileReference; lastKnownFileType = folder; path = www; sourceTree = SOURCE_ROOT; };
		302D95EE14D2391D003F00A1 /* MainViewController.h */ = {isa = PBXFileReference; fileEncoding = 4; lastKnownFileType = sourcecode.c.h; path = MainViewController.h; sourceTree = "<group>"; };
		302D95EF14D2391D003F00A1 /* MainViewController.m */ = {isa = PBXFileReference; fileEncoding = 4; lastKnownFileType = sourcecode.c.objc; path = MainViewController.m; sourceTree = "<group>"; };
		302D95F014D2391D003F00A1 /* MainViewController.xib */ = {isa = PBXFileReference; fileEncoding = 4; lastKnownFileType = file.xib; path = MainViewController.xib; sourceTree = "<group>"; };
		3047A50F1AB8059700498E2A /* build-debug.xcconfig */ = {isa = PBXFileReference; fileEncoding = 4; lastKnownFileType = text.xcconfig; name = "build-debug.xcconfig"; path = "cordova/build-debug.xcconfig"; sourceTree = SOURCE_ROOT; };
		3047A5101AB8059700498E2A /* build-release.xcconfig */ = {isa = PBXFileReference; fileEncoding = 4; lastKnownFileType = text.xcconfig; name = "build-release.xcconfig"; path = "cordova/build-release.xcconfig"; sourceTree = SOURCE_ROOT; };
		3047A5111AB8059700498E2A /* build.xcconfig */ = {isa = PBXFileReference; fileEncoding = 4; lastKnownFileType = text.xcconfig; name = build.xcconfig; path = cordova/build.xcconfig; sourceTree = SOURCE_ROOT; };
		32CA4F630368D1EE00C91783 /* Grupo Inversa-Prefix.pch */ = {isa = PBXFileReference; fileEncoding = 4; lastKnownFileType = sourcecode.c.h; path = "Grupo Inversa-Prefix.pch"; sourceTree = "<group>"; };
		3651FC8A5F5B40CCBB12E8D5 /* CDVCamera.h */ = {isa = PBXFileReference; explicitFileType = undefined; fileEncoding = 4; includeInIndex = 0; lastKnownFileType = sourcecode.c.h; name = CDVCamera.h; path = "cordova-plugin-camera/CDVCamera.h"; sourceTree = "<group>"; };
		3F01381F640B43A3B8F26F2A /* CDVWKInAppBrowserUIDelegate.m */ = {isa = PBXFileReference; explicitFileType = undefined; fileEncoding = 4; includeInIndex = 0; lastKnownFileType = sourcecode.c.objc; name = CDVWKInAppBrowserUIDelegate.m; path = "cordova-plugin-inappbrowser/CDVWKInAppBrowserUIDelegate.m"; sourceTree = "<group>"; };
		440151E6F9054B72860BA26A /* UIImage+CropScaleOrientation.h */ = {isa = PBXFileReference; explicitFileType = undefined; fileEncoding = 4; includeInIndex = 0; lastKnownFileType = sourcecode.c.h; name = "UIImage+CropScaleOrientation.h"; path = "cordova-plugin-camera/UIImage+CropScaleOrientation.h"; sourceTree = "<group>"; };
		454F8450F13C4498BF050DAF /* CDVWKWebViewFileXhr.h */ = {isa = PBXFileReference; explicitFileType = undefined; fileEncoding = 4; includeInIndex = 0; lastKnownFileType = sourcecode.c.h; name = CDVWKWebViewFileXhr.h; path = "cordova-plugin-wkwebview-file-xhr/CDVWKWebViewFileXhr.h"; sourceTree = "<group>"; };
		5388DBF697DA4B26963FC0C3 /* CDVInAppBrowserOptions.m */ = {isa = PBXFileReference; explicitFileType = undefined; fileEncoding = 4; includeInIndex = 0; lastKnownFileType = sourcecode.c.objc; name = CDVInAppBrowserOptions.m; path = "cordova-plugin-inappbrowser/CDVInAppBrowserOptions.m"; sourceTree = "<group>"; };
		5417F1D9C6474ECC95383E05 /* CDVInAppBrowserNavigationController.h */ = {isa = PBXFileReference; explicitFileType = undefined; fileEncoding = 4; includeInIndex = 0; lastKnownFileType = sourcecode.c.h; name = CDVInAppBrowserNavigationController.h; path = "cordova-plugin-inappbrowser/CDVInAppBrowserNavigationController.h"; sourceTree = "<group>"; };
		54452EEF10044571B099BAC6 /* CDVWKInAppBrowser.h */ = {isa = PBXFileReference; explicitFileType = undefined; fileEncoding = 4; includeInIndex = 0; lastKnownFileType = sourcecode.c.h; name = CDVWKInAppBrowser.h; path = "cordova-plugin-inappbrowser/CDVWKInAppBrowser.h"; sourceTree = "<group>"; };
		56875DB37D7CBA8453983671 /* Pods-Grupo Inversa.release.xcconfig */ = {isa = PBXFileReference; includeInIndex = 1; lastKnownFileType = text.xcconfig; name = "Pods-Grupo Inversa.release.xcconfig"; path = "Target Support Files/Pods-Grupo Inversa/Pods-Grupo Inversa.release.xcconfig"; sourceTree = "<group>"; };
		58242C33CD2246969F5B7F5D /* CDVLocation.h */ = {isa = PBXFileReference; explicitFileType = undefined; fileEncoding = 4; includeInIndex = 0; lastKnownFileType = sourcecode.c.h; name = CDVLocation.h; path = "cordova-plugin-geolocation/CDVLocation.h"; sourceTree = "<group>"; };
		59A19ED3FC2C4D9BA12D7666 /* CDVFile.m */ = {isa = PBXFileReference; explicitFileType = undefined; fileEncoding = 4; includeInIndex = 0; lastKnownFileType = sourcecode.c.objc; name = CDVFile.m; path = "cordova-plugin-file/CDVFile.m"; sourceTree = "<group>"; };
		5C863AF8A5964F358752E8CD /* CDVSound.m */ = {isa = PBXFileReference; explicitFileType = undefined; fileEncoding = 4; includeInIndex = 0; lastKnownFileType = sourcecode.c.objc; name = CDVSound.m; path = "cordova-plugin-media/CDVSound.m"; sourceTree = "<group>"; };
		5DDD64C19D904E6CB95E9385 /* MessageUI.framework */ = {isa = PBXFileReference; explicitFileType = undefined; fileEncoding = 9; includeInIndex = 0; lastKnownFileType = wrapper.framework; name = MessageUI.framework; path = System/Library/Frameworks/MessageUI.framework; sourceTree = SDKROOT; };
		5EB8112BA3C74D0FBCDB9097 /* SystemConfiguration.framework */ = {isa = PBXFileReference; explicitFileType = undefined; fileEncoding = 9; includeInIndex = 0; lastKnownFileType = wrapper.framework; name = SystemConfiguration.framework; path = System/Library/Frameworks/SystemConfiguration.framework; sourceTree = SDKROOT; };
		63105DFD71F44C0084EB5CE0 /* FirebasePlugin.h */ = {isa = PBXFileReference; explicitFileType = undefined; fileEncoding = 4; includeInIndex = 0; lastKnownFileType = sourcecode.c.h; name = FirebasePlugin.h; path = "cordova-plugin-firebasex/FirebasePlugin.h"; sourceTree = "<group>"; };
		6AFF5BF81D6E424B00AB3073 /* CDVLaunchScreen.storyboard */ = {isa = PBXFileReference; fileEncoding = 4; lastKnownFileType = file.storyboard; name = CDVLaunchScreen.storyboard; path = "Grupo Inversa/CDVLaunchScreen.storyboard"; sourceTree = SOURCE_ROOT; };
		6C25142617404BE2AA532F7F /* SocialSharing.h */ = {isa = PBXFileReference; explicitFileType = undefined; fileEncoding = 4; includeInIndex = 0; lastKnownFileType = sourcecode.c.h; name = SocialSharing.h; path = "cordova-plugin-x-socialsharing/SocialSharing.h"; sourceTree = "<group>"; };
		70E5F3879EAF4106A842D3B8 /* CustomFCMReceiverPlugin.m */ = {isa = PBXFileReference; explicitFileType = undefined; fileEncoding = 4; includeInIndex = 0; lastKnownFileType = sourcecode.c.objc; name = CustomFCMReceiverPlugin.m; path = "cordova-plugin-customfcmreceiver/CustomFCMReceiverPlugin.m"; sourceTree = "<group>"; };
		70F6EC789FFC4FE1B975603C /* CDVLocation.m */ = {isa = PBXFileReference; explicitFileType = undefined; fileEncoding = 4; includeInIndex = 0; lastKnownFileType = sourcecode.c.objc; name = CDVLocation.m; path = "cordova-plugin-geolocation/CDVLocation.m"; sourceTree = "<group>"; };
		711CBB8754624BD29C8566C6 /* CDVLocalFilesystem.h */ = {isa = PBXFileReference; explicitFileType = undefined; fileEncoding = 4; includeInIndex = 0; lastKnownFileType = sourcecode.c.h; name = CDVLocalFilesystem.h; path = "cordova-plugin-file/CDVLocalFilesystem.h"; sourceTree = "<group>"; };
		7556071401654A05AC9C82E0 /* AppDelegate+FirebasePlugin.m */ = {isa = PBXFileReference; explicitFileType = undefined; fileEncoding = 4; includeInIndex = 0; lastKnownFileType = sourcecode.c.objc; name = "AppDelegate+FirebasePlugin.m"; path = "cordova-plugin-firebasex/AppDelegate+FirebasePlugin.m"; sourceTree = "<group>"; };
		79798B0BAED84B58BC06FCEB /* CDVReachability.m */ = {isa = PBXFileReference; explicitFileType = undefined; fileEncoding = 4; includeInIndex = 0; lastKnownFileType = sourcecode.c.objc; name = CDVReachability.m; path = "cordova-plugin-network-information/CDVReachability.m"; sourceTree = "<group>"; };
		7D75B916CFBC401A9BA8E7D0 /* SocialSharing.m */ = {isa = PBXFileReference; explicitFileType = undefined; fileEncoding = 4; includeInIndex = 0; lastKnownFileType = sourcecode.c.objc; name = SocialSharing.m; path = "cordova-plugin-x-socialsharing/SocialSharing.m"; sourceTree = "<group>"; };
		8218D2AA089A4B238B5D6BE8 /* CDVFileTransfer.m */ = {isa = PBXFileReference; explicitFileType = undefined; fileEncoding = 4; includeInIndex = 0; lastKnownFileType = sourcecode.c.objc; name = CDVFileTransfer.m; path = "cordova-plugin-file-transfer/CDVFileTransfer.m"; sourceTree = "<group>"; };
		8891C6E5E3F14B488CD68FF4 /* FirebasePluginMessageReceiver.h */ = {isa = PBXFileReference; explicitFileType = undefined; fileEncoding = 4; includeInIndex = 0; lastKnownFileType = sourcecode.c.h; name = FirebasePluginMessageReceiver.h; path = "cordova-plugin-firebasex/FirebasePluginMessageReceiver.h"; sourceTree = "<group>"; };
		8A2582CBC57A4E20B4AD5768 /* FirebasePluginMessageReceiverManager.h */ = {isa = PBXFileReference; explicitFileType = undefined; fileEncoding = 4; includeInIndex = 0; lastKnownFileType = sourcecode.c.h; name = FirebasePluginMessageReceiverManager.h; path = "cordova-plugin-firebasex/FirebasePluginMessageReceiverManager.h"; sourceTree = "<group>"; };
		8D1107310486CEB800E47090 /* Grupo Inversa-Info.plist */ = {isa = PBXFileReference; fileEncoding = 4; lastKnownFileType = text.plist.xml; name = "Grupo Inversa-Info.plist"; path = "Grupo Inversa/Grupo Inversa-Info.plist"; plistStructureDefinitionIdentifier = "com.apple.xcode.plist.structure-definition.iphone.info-plist"; sourceTree = SOURCE_ROOT; };
		90783DF1CD0642CEA2542090 /* CustomFCMReceiverPlugin.h */ = {isa = PBXFileReference; explicitFileType = undefined; fileEncoding = 4; includeInIndex = 0; lastKnownFileType = sourcecode.c.h; name = CustomFCMReceiverPlugin.h; path = "cordova-plugin-customfcmreceiver/CustomFCMReceiverPlugin.h"; sourceTree = "<group>"; };
		928A150A820D498490371DAB /* CDVDevice.m */ = {isa = PBXFileReference; explicitFileType = undefined; fileEncoding = 4; includeInIndex = 0; lastKnownFileType = sourcecode.c.objc; name = CDVDevice.m; path = "cordova-plugin-device/CDVDevice.m"; sourceTree = "<group>"; };
		9C9F8F9DDC60485F9E158F5E /* CDVReachability.h */ = {isa = PBXFileReference; explicitFileType = undefined; fileEncoding = 4; includeInIndex = 0; lastKnownFileType = sourcecode.c.h; name = CDVReachability.h; path = "cordova-plugin-network-information/CDVReachability.h"; sourceTree = "<group>"; };
		9D3710AE2A244B8993F6586D /* UIImage+CropScaleOrientation.m */ = {isa = PBXFileReference; explicitFileType = undefined; fileEncoding = 4; includeInIndex = 0; lastKnownFileType = sourcecode.c.objc; name = "UIImage+CropScaleOrientation.m"; path = "cordova-plugin-camera/UIImage+CropScaleOrientation.m"; sourceTree = "<group>"; };
		A0BBFC9962684DFDB4079859 /* ImageIO.framework */ = {isa = PBXFileReference; explicitFileType = undefined; fileEncoding = 9; includeInIndex = 0; lastKnownFileType = wrapper.framework; name = ImageIO.framework; path = System/Library/Frameworks/ImageIO.framework; sourceTree = SDKROOT; };
		A300F5D131C049DAB1A4BC20 /* CustomFCMReceiver.m */ = {isa = PBXFileReference; explicitFileType = undefined; fileEncoding = 4; includeInIndex = 0; lastKnownFileType = sourcecode.c.objc; name = CustomFCMReceiver.m; path = "cordova-plugin-customfcmreceiver/CustomFCMReceiver.m"; sourceTree = "<group>"; };
		B187882DE6514EEFA7D4ABCD /* GoogleService-Info.plist */ = {isa = PBXFileReference; explicitFileType = undefined; fileEncoding = 4; includeInIndex = 0; lastKnownFileType = text.plist.xml; path = "GoogleService-Info.plist"; sourceTree = "<group>"; };
		B4A2CEB0F0FE438AA458F3CD /* AVFoundation.framework */ = {isa = PBXFileReference; explicitFileType = undefined; fileEncoding = 9; includeInIndex = 0; lastKnownFileType = wrapper.framework; name = AVFoundation.framework; path = System/Library/Frameworks/AVFoundation.framework; sourceTree = SDKROOT; };
		B70EA9D715DC45039DA015CB /* AppDelegate+FirebasePlugin.h */ = {isa = PBXFileReference; explicitFileType = undefined; fileEncoding = 4; includeInIndex = 0; lastKnownFileType = sourcecode.c.h; name = "AppDelegate+FirebasePlugin.h"; path = "cordova-plugin-firebasex/AppDelegate+FirebasePlugin.h"; sourceTree = "<group>"; };
		CA03AFE216364C879A85F842 /* CoreLocation.framework */ = {isa = PBXFileReference; explicitFileType = undefined; fileEncoding = 9; includeInIndex = 0; lastKnownFileType = wrapper.framework; name = CoreLocation.framework; path = System/Library/Frameworks/CoreLocation.framework; sourceTree = SDKROOT; };
		CEB8E9C18299495287FC9D9B /* CDVJpegHeaderWriter.h */ = {isa = PBXFileReference; explicitFileType = undefined; fileEncoding = 4; includeInIndex = 0; lastKnownFileType = sourcecode.c.h; name = CDVJpegHeaderWriter.h; path = "cordova-plugin-camera/CDVJpegHeaderWriter.h"; sourceTree = "<group>"; };
		D02EE1EB64CC4CC7BD7808B7 /* WebKit.framework */ = {isa = PBXFileReference; explicitFileType = undefined; fileEncoding = 9; includeInIndex = 0; lastKnownFileType = wrapper.framework; name = WebKit.framework; path = System/Library/Frameworks/WebKit.framework; sourceTree = SDKROOT; };
		D308581FC3444EB3AF4F63A0 /* NSString+SSURLEncoding.h */ = {isa = PBXFileReference; explicitFileType = undefined; fileEncoding = 4; includeInIndex = 0; lastKnownFileType = sourcecode.c.h; name = "NSString+SSURLEncoding.h"; path = "cordova-plugin-x-socialsharing/NSString+SSURLEncoding.h"; sourceTree = "<group>"; };
		D67E223FD7204E379D4AA05C /* CDVWKInAppBrowser.m */ = {isa = PBXFileReference; explicitFileType = undefined; fileEncoding = 4; includeInIndex = 0; lastKnownFileType = sourcecode.c.objc; name = CDVWKInAppBrowser.m; path = "cordova-plugin-inappbrowser/CDVWKInAppBrowser.m"; sourceTree = "<group>"; };
		D93D177A0D8B4F8392211A7F /* CDVSound.h */ = {isa = PBXFileReference; explicitFileType = undefined; fileEncoding = 4; includeInIndex = 0; lastKnownFileType = sourcecode.c.h; name = CDVSound.h; path = "cordova-plugin-media/CDVSound.h"; sourceTree = "<group>"; };
		D994CDA4F02D4D008D991C17 /* CDVInAppBrowserOptions.h */ = {isa = PBXFileReference; explicitFileType = undefined; fileEncoding = 4; includeInIndex = 0; lastKnownFileType = sourcecode.c.h; name = CDVInAppBrowserOptions.h; path = "cordova-plugin-inappbrowser/CDVInAppBrowserOptions.h"; sourceTree = "<group>"; };
		E464D50645944FAC8A86F32F /* CDVAssetLibraryFilesystem.m */ = {isa = PBXFileReference; explicitFileType = undefined; fileEncoding = 4; includeInIndex = 0; lastKnownFileType = sourcecode.c.objc; name = CDVAssetLibraryFilesystem.m; path = "cordova-plugin-file/CDVAssetLibraryFilesystem.m"; sourceTree = "<group>"; };
		E7DAF301ACD74273BA3B6E85 /* CDVAssetLibraryFilesystem.h */ = {isa = PBXFileReference; explicitFileType = undefined; fileEncoding = 4; includeInIndex = 0; lastKnownFileType = sourcecode.c.h; name = CDVAssetLibraryFilesystem.h; path = "cordova-plugin-file/CDVAssetLibraryFilesystem.h"; sourceTree = "<group>"; };
		EAF09DE28E1B4AB086DE5DA6 /* CDVConnection.h */ = {isa = PBXFileReference; explicitFileType = undefined; fileEncoding = 4; includeInIndex = 0; lastKnownFileType = sourcecode.c.h; name = CDVConnection.h; path = "cordova-plugin-network-information/CDVConnection.h"; sourceTree = "<group>"; };
		EB20374FF98F47E3A284511A /* CDVWKInAppBrowserUIDelegate.h */ = {isa = PBXFileReference; explicitFileType = undefined; fileEncoding = 4; includeInIndex = 0; lastKnownFileType = sourcecode.c.h; name = CDVWKInAppBrowserUIDelegate.h; path = "cordova-plugin-inappbrowser/CDVWKInAppBrowserUIDelegate.h"; sourceTree = "<group>"; };
		EB626E62A4D043EE86D6FE75 /* Social.framework */ = {isa = PBXFileReference; explicitFileType = undefined; fileEncoding = 9; includeInIndex = 0; lastKnownFileType = wrapper.framework; name = Social.framework; path = System/Library/Frameworks/Social.framework; sourceTree = SDKROOT; };
		EB87FDF31871DA8E0020F90C /* www */ = {isa = PBXFileReference; lastKnownFileType = folder; name = www; path = ../../www; sourceTree = "<group>"; };
		EB87FDF41871DAF40020F90C /* config.xml */ = {isa = PBXFileReference; lastKnownFileType = text.xml; name = config.xml; path = ../../config.xml; sourceTree = "<group>"; };
		ECFE69E8ED6D4A53AC6DF479 /* CustomFCMReceiver.h */ = {isa = PBXFileReference; explicitFileType = undefined; fileEncoding = 4; includeInIndex = 0; lastKnownFileType = sourcecode.c.h; name = CustomFCMReceiver.h; path = "cordova-plugin-customfcmreceiver/CustomFCMReceiver.h"; sourceTree = "<group>"; };
		ED33DF2A687741AEAF9F8254 /* Bridging-Header.h */ = {isa = PBXFileReference; fileEncoding = 4; lastKnownFileType = sourcecode.c.h; path = "Bridging-Header.h"; sourceTree = "<group>"; };
		F44B28CC2A2E4EC3A48384F4 /* CDVExif.h */ = {isa = PBXFileReference; explicitFileType = undefined; fileEncoding = 4; includeInIndex = 0; lastKnownFileType = sourcecode.c.h; name = CDVExif.h; path = "cordova-plugin-camera/CDVExif.h"; sourceTree = "<group>"; };
		F6F21AB110494B76874E1173 /* CDVInAppBrowserNavigationController.m */ = {isa = PBXFileReference; explicitFileType = undefined; fileEncoding = 4; includeInIndex = 0; lastKnownFileType = sourcecode.c.objc; name = CDVInAppBrowserNavigationController.m; path = "cordova-plugin-inappbrowser/CDVInAppBrowserNavigationController.m"; sourceTree = "<group>"; };
		F840E1F0165FE0F500CFE078 /* config.xml */ = {isa = PBXFileReference; lastKnownFileType = text.xml; name = config.xml; path = "Grupo Inversa/config.xml"; sourceTree = "<group>"; };
		FB52F7419DC643E8AE036477 /* FirebasePlugin.m */ = {isa = PBXFileReference; explicitFileType = undefined; fileEncoding = 4; includeInIndex = 0; lastKnownFileType = sourcecode.c.objc; name = FirebasePlugin.m; path = "cordova-plugin-firebasex/FirebasePlugin.m"; sourceTree = "<group>"; };
		FD21C2CF12AA44A194DEB66D /* NSString+SSURLEncoding.m */ = {isa = PBXFileReference; explicitFileType = undefined; fileEncoding = 4; includeInIndex = 0; lastKnownFileType = sourcecode.c.objc; name = "NSString+SSURLEncoding.m"; path = "cordova-plugin-x-socialsharing/NSString+SSURLEncoding.m"; sourceTree = "<group>"; };
		FF6653B578FE465A96BB6A03 /* CDVFile.h */ = {isa = PBXFileReference; explicitFileType = undefined; fileEncoding = 4; includeInIndex = 0; lastKnownFileType = sourcecode.c.h; name = CDVFile.h; path = "cordova-plugin-file/CDVFile.h"; sourceTree = "<group>"; };
/* End PBXFileReference section */

/* Begin PBXFrameworksBuildPhase section */
		1D60588F0D05DD3D006BFB54 /* Frameworks */ = {
			isa = PBXFrameworksBuildPhase;
			buildActionMask = 2147483647;
			files = (
				301BF552109A68D80062928A /* libCordova.a in Frameworks */,
				30A6722870E64C0998902745 /* ImageIO.framework in Frameworks */,
				E84EC3CD629B404994A76D82 /* CoreLocation.framework in Frameworks */,
				1B8F2FAC6DAB445590AAA647 /* AVFoundation.framework in Frameworks */,
				3B0A5A2C6E9D4F5097B0296E /* AuthenticationServices.framework in Frameworks */,
				5FEFEA5A6B02E2E877B2F7C5 /* Pods_Grupo_Inversa.framework in Frameworks */,
				A01F853F3C894AAF995CEA38 /* SystemConfiguration.framework in Frameworks */,
				30850D9DDED54CDA8760D83E /* CoreTelephony.framework in Frameworks */,
				D70DDF533D68407F96D8C0DF /* WebKit.framework in Frameworks */,
				0BAA2B5F43754E71A3C55595 /* Social.framework in Frameworks */,
				CE5899B86E8B484FB4210062 /* MessageUI.framework in Frameworks */,
			);
			runOnlyForDeploymentPostprocessing = 0;
		};
/* End PBXFrameworksBuildPhase section */

/* Begin PBXGroup section */
		080E96DDFE201D6D7F000001 /* Classes */ = {
			isa = PBXGroup;
			children = (
				302D95EE14D2391D003F00A1 /* MainViewController.h */,
				302D95EF14D2391D003F00A1 /* MainViewController.m */,
				302D95F014D2391D003F00A1 /* MainViewController.xib */,
				1D3623240D0F684500981E51 /* AppDelegate.h */,
				1D3623250D0F684500981E51 /* AppDelegate.m */,
			);
			name = Classes;
			path = "Grupo Inversa/Classes";
			sourceTree = SOURCE_ROOT;
		};
		19C28FACFE9D520D11CA2CBB /* Products */ = {
			isa = PBXGroup;
			children = (
				1D6058910D05DD3D006BFB54 /* Grupo Inversa.app */,
			);
			name = Products;
			sourceTree = "<group>";
		};
		29B97314FDCFA39411CA2CEA /* CustomTemplate */ = {
			isa = PBXGroup;
			children = (
				EB87FDF41871DAF40020F90C /* config.xml */,
				EB87FDF31871DA8E0020F90C /* www */,
				EB87FDF11871DA420020F90C /* Staging */,
				301BF52D109A57CC0062928A /* CordovaLib.xcodeproj */,
				080E96DDFE201D6D7F000001 /* Classes */,
				307C750510C5A3420062BCA9 /* Plugins */,
				29B97315FDCFA39411CA2CEA /* Other Sources */,
				29B97317FDCFA39411CA2CEA /* Resources */,
				29B97323FDCFA39411CA2CEA /* Frameworks */,
				19C28FACFE9D520D11CA2CBB /* Products */,
				B4ECFD0665DA52898E426A5C /* Pods */,
			);
			name = CustomTemplate;
			sourceTree = "<group>";
		};
		29B97315FDCFA39411CA2CEA /* Other Sources */ = {
			isa = PBXGroup;
			children = (
				32CA4F630368D1EE00C91783 /* Grupo Inversa-Prefix.pch */,
				29B97316FDCFA39411CA2CEA /* main.m */,
				ED33DF2A687741AEAF9F8254 /* Bridging-Header.h */,
			);
			name = "Other Sources";
			path = "Grupo Inversa";
			sourceTree = "<group>";
		};
		29B97317FDCFA39411CA2CEA /* Resources */ = {
			isa = PBXGroup;
			children = (
				0207DA571B56EA530066E2B4 /* Images.xcassets */,
				3047A50E1AB8057F00498E2A /* config */,
				8D1107310486CEB800E47090 /* Grupo Inversa-Info.plist */,
				6AFF5BF81D6E424B00AB3073 /* CDVLaunchScreen.storyboard */,
				B187882DE6514EEFA7D4ABCD /* GoogleService-Info.plist */,
			);
			name = Resources;
			path = "Grupo Inversa/Resources";
			sourceTree = "<group>";
		};
		29B97323FDCFA39411CA2CEA /* Frameworks */ = {
			isa = PBXGroup;
			children = (
				A0BBFC9962684DFDB4079859 /* ImageIO.framework */,
				CA03AFE216364C879A85F842 /* CoreLocation.framework */,
				B4A2CEB0F0FE438AA458F3CD /* AVFoundation.framework */,
				24CBE701642F42C2AF2D1EF3 /* AuthenticationServices.framework */,
				2B827F9C0716ADFABE5A1514 /* Pods_Grupo_Inversa.framework */,
				5EB8112BA3C74D0FBCDB9097 /* SystemConfiguration.framework */,
				0BB2535F39514AC29A1953A8 /* CoreTelephony.framework */,
				D02EE1EB64CC4CC7BD7808B7 /* WebKit.framework */,
				EB626E62A4D043EE86D6FE75 /* Social.framework */,
				5DDD64C19D904E6CB95E9385 /* MessageUI.framework */,
			);
			name = Frameworks;
			sourceTree = "<group>";
		};
		301BF52E109A57CC0062928A /* Products */ = {
			isa = PBXGroup;
			children = (
				301BF535109A57CC0062928A /* libCordova.a */,
				907D8124214C687600058A10 /* Cordova.framework */,
			);
			name = Products;
			sourceTree = "<group>";
		};
		3047A50E1AB8057F00498E2A /* config */ = {
			isa = PBXGroup;
			children = (
				3047A50F1AB8059700498E2A /* build-debug.xcconfig */,
				3047A5101AB8059700498E2A /* build-release.xcconfig */,
				3047A5111AB8059700498E2A /* build.xcconfig */,
			);
			name = config;
			sourceTree = "<group>";
		};
		307C750510C5A3420062BCA9 /* Plugins */ = {
			isa = PBXGroup;
			children = (
				9D3710AE2A244B8993F6586D /* UIImage+CropScaleOrientation.m */,
				1081864B43664B2A83E54FCC /* CDVCamera.m */,
				23526B67BFA44804B426423B /* CDVJpegHeaderWriter.m */,
				440151E6F9054B72860BA26A /* UIImage+CropScaleOrientation.h */,
				3651FC8A5F5B40CCBB12E8D5 /* CDVCamera.h */,
				CEB8E9C18299495287FC9D9B /* CDVJpegHeaderWriter.h */,
				F44B28CC2A2E4EC3A48384F4 /* CDVExif.h */,
				70E5F3879EAF4106A842D3B8 /* CustomFCMReceiverPlugin.m */,
				A300F5D131C049DAB1A4BC20 /* CustomFCMReceiver.m */,
				90783DF1CD0642CEA2542090 /* CustomFCMReceiverPlugin.h */,
				ECFE69E8ED6D4A53AC6DF479 /* CustomFCMReceiver.h */,
				928A150A820D498490371DAB /* CDVDevice.m */,
				1DB753E13FB74A4999804335 /* CDVDevice.h */,
				59A19ED3FC2C4D9BA12D7666 /* CDVFile.m */,
				1C5986CD7B784D99B86664C5 /* CDVLocalFilesystem.m */,
				E464D50645944FAC8A86F32F /* CDVAssetLibraryFilesystem.m */,
				FF6653B578FE465A96BB6A03 /* CDVFile.h */,
				711CBB8754624BD29C8566C6 /* CDVLocalFilesystem.h */,
				E7DAF301ACD74273BA3B6E85 /* CDVAssetLibraryFilesystem.h */,
				8218D2AA089A4B238B5D6BE8 /* CDVFileTransfer.m */,
				0671A1FF0C2B4416947E4B4D /* CDVFileTransfer.h */,
				7556071401654A05AC9C82E0 /* AppDelegate+FirebasePlugin.m */,
				FB52F7419DC643E8AE036477 /* FirebasePlugin.m */,
				161C3BE5034B4CD38BD7D2CC /* FirebasePluginMessageReceiver.m */,
				0BE271660A134FA8A1CB7D2F /* FirebasePluginMessageReceiverManager.m */,
				B70EA9D715DC45039DA015CB /* AppDelegate+FirebasePlugin.h */,
				63105DFD71F44C0084EB5CE0 /* FirebasePlugin.h */,
				8891C6E5E3F14B488CD68FF4 /* FirebasePluginMessageReceiver.h */,
				8A2582CBC57A4E20B4AD5768 /* FirebasePluginMessageReceiverManager.h */,
				70F6EC789FFC4FE1B975603C /* CDVLocation.m */,
				58242C33CD2246969F5B7F5D /* CDVLocation.h */,
				5388DBF697DA4B26963FC0C3 /* CDVInAppBrowserOptions.m */,
				F6F21AB110494B76874E1173 /* CDVInAppBrowserNavigationController.m */,
				D67E223FD7204E379D4AA05C /* CDVWKInAppBrowser.m */,
				3F01381F640B43A3B8F26F2A /* CDVWKInAppBrowserUIDelegate.m */,
				D994CDA4F02D4D008D991C17 /* CDVInAppBrowserOptions.h */,
				5417F1D9C6474ECC95383E05 /* CDVInAppBrowserNavigationController.h */,
				54452EEF10044571B099BAC6 /* CDVWKInAppBrowser.h */,
				EB20374FF98F47E3A284511A /* CDVWKInAppBrowserUIDelegate.h */,
				5C863AF8A5964F358752E8CD /* CDVSound.m */,
				D93D177A0D8B4F8392211A7F /* CDVSound.h */,
				2B3E08B12FB64FE4916171D4 /* CDVConnection.m */,
				79798B0BAED84B58BC06FCEB /* CDVReachability.m */,
				EAF09DE28E1B4AB086DE5DA6 /* CDVConnection.h */,
				9C9F8F9DDC60485F9E158F5E /* CDVReachability.h */,
				10B8889C900B4745B380429C /* CDVWKWebViewFileXhr.m */,
				454F8450F13C4498BF050DAF /* CDVWKWebViewFileXhr.h */,
				FD21C2CF12AA44A194DEB66D /* NSString+SSURLEncoding.m */,
				7D75B916CFBC401A9BA8E7D0 /* SocialSharing.m */,
				D308581FC3444EB3AF4F63A0 /* NSString+SSURLEncoding.h */,
				6C25142617404BE2AA532F7F /* SocialSharing.h */,
			);
			name = Plugins;
			path = "Grupo Inversa/Plugins";
			sourceTree = SOURCE_ROOT;
		};
		B4ECFD0665DA52898E426A5C /* Pods */ = {
			isa = PBXGroup;
			children = (
				27595EB165557EF41EE64D67 /* Pods-Grupo Inversa.debug.xcconfig */,
				56875DB37D7CBA8453983671 /* Pods-Grupo Inversa.release.xcconfig */,
			);
			path = Pods;
			sourceTree = "<group>";
		};
		EB87FDF11871DA420020F90C /* Staging */ = {
			isa = PBXGroup;
			children = (
				F840E1F0165FE0F500CFE078 /* config.xml */,
				301BF56E109A69640062928A /* www */,
			);
			name = Staging;
			sourceTree = "<group>";
		};
/* End PBXGroup section */

/* Begin PBXNativeTarget section */
		1D6058900D05DD3D006BFB54 /* Grupo Inversa */ = {
			isa = PBXNativeTarget;
			buildConfigurationList = 1D6058960D05DD3E006BFB54 /* Build configuration list for PBXNativeTarget "Grupo Inversa" */;
			buildPhases = (
				92C77A9E7CED413B04319E99 /* [CP] Check Pods Manifest.lock */,
				304B58A110DAC018002A0835 /* Copy www directory */,
				1D60588D0D05DD3D006BFB54 /* Resources */,
				1D60588E0D05DD3D006BFB54 /* Sources */,
				1D60588F0D05DD3D006BFB54 /* Frameworks */,
				40345B10BD9547FE4BF1A66A /* [CP] Embed Pods Frameworks */,
				344B316A40AE43D21D2F213C /* [CP] Copy Pods Resources */,
				1C914269AA2F4EA0A2C09771 /* Crashlytics */,
			);
			buildRules = (
			);
			dependencies = (
				301BF551109A68C00062928A /* PBXTargetDependency */,
			);
			name = "Grupo Inversa";
			productName = "Grupo Inversa";
			productReference = 1D6058910D05DD3D006BFB54 /* Grupo Inversa.app */;
			productType = "com.apple.product-type.application";
		};
/* End PBXNativeTarget section */

/* Begin PBXProject section */
		29B97313FDCFA39411CA2CEA /* Project object */ = {
			isa = PBXProject;
			attributes = {
				LastUpgradeCheck = 1130;
			};
			buildConfigurationList = C01FCF4E08A954540054247B /* Build configuration list for PBXProject "Grupo Inversa" */;
			compatibilityVersion = "Xcode 11.0";
			developmentRegion = en;
			hasScannedForEncodings = 1;
			knownRegions = (
				en,
				Base,
			);
			mainGroup = 29B97314FDCFA39411CA2CEA /* CustomTemplate */;
			productRefGroup = 19C28FACFE9D520D11CA2CBB /* Products */;
			projectDirPath = "";
			projectReferences = (
				{
					ProductGroup = 301BF52E109A57CC0062928A /* Products */;
					ProjectRef = 301BF52D109A57CC0062928A /* CordovaLib.xcodeproj */;
				},
			);
			projectRoot = "";
			targets = (
				1D6058900D05DD3D006BFB54 /* Grupo Inversa */,
			);
		};
/* End PBXProject section */

/* Begin PBXReferenceProxy section */
		301BF535109A57CC0062928A /* libCordova.a */ = {
			isa = PBXReferenceProxy;
			fileType = archive.ar;
			path = libCordova.a;
			remoteRef = 301BF534109A57CC0062928A /* PBXContainerItemProxy */;
			sourceTree = BUILT_PRODUCTS_DIR;
		};
		907D8124214C687600058A10 /* Cordova.framework */ = {
			isa = PBXReferenceProxy;
			fileType = wrapper.framework;
			path = Cordova.framework;
			remoteRef = 907D8123214C687600058A10 /* PBXContainerItemProxy */;
			sourceTree = BUILT_PRODUCTS_DIR;
		};
/* End PBXReferenceProxy section */

/* Begin PBXResourcesBuildPhase section */
		1D60588D0D05DD3D006BFB54 /* Resources */ = {
			isa = PBXResourcesBuildPhase;
			buildActionMask = 2147483647;
			files = (
				302D95F214D2391D003F00A1 /* MainViewController.xib in Resources */,
				0207DA581B56EA530066E2B4 /* Images.xcassets in Resources */,
				6AFF5BF91D6E424B00AB3073 /* CDVLaunchScreen.storyboard in Resources */,
				90A8E06FB2B449729D70CE2A /* GoogleService-Info.plist in Resources */,
			);
			runOnlyForDeploymentPostprocessing = 0;
		};
/* End PBXResourcesBuildPhase section */

/* Begin PBXShellScriptBuildPhase section */
		1C914269AA2F4EA0A2C09771 /* Crashlytics */ = {
			isa = PBXShellScriptBuildPhase;
			buildActionMask = 2147483647;
			files = (
			);
			inputPaths = (
				"$(BUILT_PRODUCTS_DIR)/$(INFOPLIST_PATH)",
			);
			name = Crashlytics;
			outputPaths = (
			);
			runOnlyForDeploymentPostprocessing = 0;
			shellPath = /bin/sh;
			shellScript = "\"${PODS_ROOT}/FirebaseCrashlytics/run\"";
			showEnvVarsInLog = 0;
		};
		304B58A110DAC018002A0835 /* Copy www directory */ = {
			isa = PBXShellScriptBuildPhase;
			buildActionMask = 2147483647;
			files = (
			);
			inputPaths = (
			);
			name = "Copy www directory";
			outputPaths = (
			);
			runOnlyForDeploymentPostprocessing = 0;
			shellPath = /bin/sh;
			shellScript = "\"$SRCROOT/Grupo Inversa/Scripts/copy-www-build-step.sh\"";
			showEnvVarsInLog = 0;
		};
		344B316A40AE43D21D2F213C /* [CP] Copy Pods Resources */ = {
			isa = PBXShellScriptBuildPhase;
			buildActionMask = 2147483647;
			files = (
			);
			inputFileListPaths = (
				"${PODS_ROOT}/Target Support Files/Pods-Grupo Inversa/Pods-Grupo Inversa-resources-${CONFIGURATION}-input-files.xcfilelist",
			);
			name = "[CP] Copy Pods Resources";
			outputFileListPaths = (
				"${PODS_ROOT}/Target Support Files/Pods-Grupo Inversa/Pods-Grupo Inversa-resources-${CONFIGURATION}-output-files.xcfilelist",
			);
			runOnlyForDeploymentPostprocessing = 0;
			shellPath = /bin/sh;
			shellScript = "\"${PODS_ROOT}/Target Support Files/Pods-Grupo Inversa/Pods-Grupo Inversa-resources.sh\"\n";
			showEnvVarsInLog = 0;
		};
		40345B10BD9547FE4BF1A66A /* [CP] Embed Pods Frameworks */ = {
			isa = PBXShellScriptBuildPhase;
			buildActionMask = 2147483647;
			files = (
			);
			inputFileListPaths = (
				"${PODS_ROOT}/Target Support Files/Pods-Grupo Inversa/Pods-Grupo Inversa-frameworks-${CONFIGURATION}-input-files.xcfilelist",
			);
			name = "[CP] Embed Pods Frameworks";
			outputFileListPaths = (
				"${PODS_ROOT}/Target Support Files/Pods-Grupo Inversa/Pods-Grupo Inversa-frameworks-${CONFIGURATION}-output-files.xcfilelist",
			);
			runOnlyForDeploymentPostprocessing = 0;
			shellPath = /bin/sh;
			shellScript = "\"${PODS_ROOT}/Target Support Files/Pods-Grupo Inversa/Pods-Grupo Inversa-frameworks.sh\"\n";
			showEnvVarsInLog = 0;
		};
		92C77A9E7CED413B04319E99 /* [CP] Check Pods Manifest.lock */ = {
			isa = PBXShellScriptBuildPhase;
			buildActionMask = 2147483647;
			files = (
			);
			inputFileListPaths = (
			);
			inputPaths = (
				"${PODS_PODFILE_DIR_PATH}/Podfile.lock",
				"${PODS_ROOT}/Manifest.lock",
			);
			name = "[CP] Check Pods Manifest.lock";
			outputFileListPaths = (
			);
			outputPaths = (
				"$(DERIVED_FILE_DIR)/Pods-Grupo Inversa-checkManifestLockResult.txt",
			);
			runOnlyForDeploymentPostprocessing = 0;
			shellPath = /bin/sh;
			shellScript = "diff \"${PODS_PODFILE_DIR_PATH}/Podfile.lock\" \"${PODS_ROOT}/Manifest.lock\" > /dev/null\nif [ $? != 0 ] ; then\n    # print error to STDERR\n    echo \"error: The sandbox is not in sync with the Podfile.lock. Run 'pod install' or update your CocoaPods installation.\" >&2\n    exit 1\nfi\n# This output is used by Xcode 'outputs' to avoid re-running this script phase.\necho \"SUCCESS\" > \"${SCRIPT_OUTPUT_FILE_0}\"\n";
			showEnvVarsInLog = 0;
		};
/* End PBXShellScriptBuildPhase section */

/* Begin PBXSourcesBuildPhase section */
		1D60588E0D05DD3D006BFB54 /* Sources */ = {
			isa = PBXSourcesBuildPhase;
			buildActionMask = 2147483647;
			files = (
				1D60589B0D05DD56006BFB54 /* main.m in Sources */,
				1D3623260D0F684500981E51 /* AppDelegate.m in Sources */,
				302D95F114D2391D003F00A1 /* MainViewController.m in Sources */,
				0FF86E0BD8CF4BB791557719 /* UIImage+CropScaleOrientation.m in Sources */,
				453F202042EC456980789B9C /* CDVCamera.m in Sources */,
				48DB88FB27514D41A9C8E3C4 /* CDVJpegHeaderWriter.m in Sources */,
				932953E73922497EBA256E57 /* CustomFCMReceiverPlugin.m in Sources */,
				6DDE9215D283463AA401FD6A /* CustomFCMReceiver.m in Sources */,
				DED41585276B42039FD1A8A6 /* CDVDevice.m in Sources */,
				4B341A0998224F5DB70ACE8D /* CDVFile.m in Sources */,
				3070AF223A70405F9EDD2608 /* CDVLocalFilesystem.m in Sources */,
				D259E34577EF4F37B6B8713D /* CDVAssetLibraryFilesystem.m in Sources */,
				68287C1A39BD4CF38C569DA3 /* CDVFileTransfer.m in Sources */,
				5C566FC49EBD422FB638827F /* AppDelegate+FirebasePlugin.m in Sources */,
				5B10B611E25C4186B20E2E74 /* FirebasePlugin.m in Sources */,
				9CA9F1B524714A83B64120B0 /* FirebasePluginMessageReceiver.m in Sources */,
				2DFCE8B6F9CB4EE891FBA6EC /* FirebasePluginMessageReceiverManager.m in Sources */,
				D4BC2C9D2DCD4267806FF1F0 /* CDVLocation.m in Sources */,
				182D5931F17D448EB78421C8 /* CDVInAppBrowserOptions.m in Sources */,
				D852790616C1487598BAE928 /* CDVInAppBrowserNavigationController.m in Sources */,
				437BD21D534B45D1AA184915 /* CDVWKInAppBrowser.m in Sources */,
				BAF67A2E414240F3888731A5 /* CDVWKInAppBrowserUIDelegate.m in Sources */,
				2B48AC125031459698B15D8E /* CDVSound.m in Sources */,
				897D1F10D2894CAB90BCB97C /* CDVConnection.m in Sources */,
				D810CF552B6243E1B1FF1FAB /* CDVReachability.m in Sources */,
				5DB2D3D5A67C4AB788C7F34D /* CDVWKWebViewFileXhr.m in Sources */,
				E3FA2C212B5344BD82ACAFFA /* NSString+SSURLEncoding.m in Sources */,
				A7D396F3289F4F5BB20F4CF6 /* SocialSharing.m in Sources */,
			);
			runOnlyForDeploymentPostprocessing = 0;
		};
/* End PBXSourcesBuildPhase section */

/* Begin PBXTargetDependency section */
		301BF551109A68C00062928A /* PBXTargetDependency */ = {
			isa = PBXTargetDependency;
			name = CordovaLib;
			targetProxy = 301BF550109A68C00062928A /* PBXContainerItemProxy */;
		};
/* End PBXTargetDependency section */

/* Begin XCBuildConfiguration section */
		1D6058940D05DD3E006BFB54 /* Debug */ = {
			isa = XCBuildConfiguration;
			baseConfigurationReference = 3047A50F1AB8059700498E2A /* build-debug.xcconfig */;
			buildSettings = {
				ALWAYS_SEARCH_USER_PATHS = NO;
				ASSETCATALOG_COMPILER_APPICON_NAME = AppIcon;
				CLANG_ENABLE_MODULES = YES;
				CLANG_ENABLE_OBJC_ARC = YES;
				COPY_PHASE_STRIP = NO;
				DEVELOPMENT_TEAM = 69UPTDFR2D;
				GCC_DYNAMIC_NO_PIC = NO;
				GCC_OPTIMIZATION_LEVEL = 0;
				GCC_PRECOMPILE_PREFIX_HEADER = YES;
				GCC_PREFIX_HEADER = "Grupo Inversa/Grupo Inversa-Prefix.pch";
				GCC_THUMB_SUPPORT = NO;
				GCC_VERSION = "";
				INFOPLIST_FILE = "Grupo Inversa/Grupo Inversa-Info.plist";
				IPHONEOS_DEPLOYMENT_TARGET = 11.0;
				LD_RUNPATH_SEARCH_PATHS = "$(inherited) @executable_path/Frameworks";
				PRODUCT_BUNDLE_IDENTIFIER = com.inversa.app;
				PRODUCT_NAME = "$(TARGET_NAME)";
				TARGETED_DEVICE_FAMILY = "1,2";
				VALIDATE_WORKSPACE = NO;
			};
			name = Debug;
		};
		1D6058950D05DD3E006BFB54 /* Release */ = {
			isa = XCBuildConfiguration;
			baseConfigurationReference = 3047A5101AB8059700498E2A /* build-release.xcconfig */;
			buildSettings = {
				ALWAYS_SEARCH_USER_PATHS = NO;
				ASSETCATALOG_COMPILER_APPICON_NAME = AppIcon;
				CLANG_ENABLE_MODULES = YES;
				CLANG_ENABLE_OBJC_ARC = YES;
				CODE_SIGN_IDENTITY = "Apple Development";
				CODE_SIGN_STYLE = Automatic;
				COPY_PHASE_STRIP = YES;
				DEVELOPMENT_TEAM = 69UPTDFR2D;
				GCC_PRECOMPILE_PREFIX_HEADER = YES;
				GCC_PREFIX_HEADER = "Grupo Inversa/Grupo Inversa-Prefix.pch";
				GCC_THUMB_SUPPORT = NO;
				GCC_VERSION = "";
				INFOPLIST_FILE = "Grupo Inversa/Grupo Inversa-Info.plist";
				IPHONEOS_DEPLOYMENT_TARGET = 11.0;
				LD_RUNPATH_SEARCH_PATHS = "$(inherited) @executable_path/Frameworks";
				PRODUCT_BUNDLE_IDENTIFIER = com.inversa.app;
				PRODUCT_NAME = "$(TARGET_NAME)";
				PROVISIONING_PROFILE_SPECIFIER = "";
				TARGETED_DEVICE_FAMILY = "1,2";
				VALIDATE_WORKSPACE = NO;
			};
			name = Release;
		};
		C01FCF4F08A954540054247B /* Debug */ = {
			isa = XCBuildConfiguration;
			baseConfigurationReference = 3047A5111AB8059700498E2A /* build.xcconfig */;
			buildSettings = {
				CLANG_ANALYZER_LOCALIZABILITY_NONLOCALIZED = YES;
				CLANG_ENABLE_MODULES = YES;
				CLANG_ENABLE_OBJC_ARC = YES;
				CLANG_WARN_BLOCK_CAPTURE_AUTORELEASING = YES;
				CLANG_WARN_BOOL_CONVERSION = YES;
				CLANG_WARN_COMMA = YES;
				CLANG_WARN_CONSTANT_CONVERSION = YES;
				CLANG_WARN_DEPRECATED_OBJC_IMPLEMENTATIONS = YES;
				CLANG_WARN_EMPTY_BODY = YES;
				CLANG_WARN_ENUM_CONVERSION = YES;
				CLANG_WARN_INFINITE_RECURSION = YES;
				CLANG_WARN_INT_CONVERSION = YES;
				CLANG_WARN_NON_LITERAL_NULL_CONVERSION = YES;
				CLANG_WARN_OBJC_IMPLICIT_RETAIN_SELF = YES;
				CLANG_WARN_OBJC_LITERAL_CONVERSION = YES;
				CLANG_WARN_RANGE_LOOP_ANALYSIS = YES;
				CLANG_WARN_STRICT_PROTOTYPES = YES;
				CLANG_WARN_SUSPICIOUS_MOVE = YES;
				CLANG_WARN_UNREACHABLE_CODE = YES;
				CLANG_WARN__DUPLICATE_METHOD_MATCH = YES;
				ENABLE_STRICT_OBJC_MSGSEND = YES;
				ENABLE_TESTABILITY = YES;
				GCC_C_LANGUAGE_STANDARD = c99;
				GCC_NO_COMMON_BLOCKS = YES;
				GCC_THUMB_SUPPORT = NO;
				GCC_VERSION = "";
				GCC_WARN_64_TO_32_BIT_CONVERSION = YES;
				GCC_WARN_ABOUT_RETURN_TYPE = YES;
				GCC_WARN_UNDECLARED_SELECTOR = YES;
				GCC_WARN_UNINITIALIZED_AUTOS = YES;
				GCC_WARN_UNUSED_FUNCTION = YES;
				GCC_WARN_UNUSED_VARIABLE = YES;
				LD_RUNPATH_SEARCH_PATHS = "$(inherited) @executable_path/Frameworks";
				ONLY_ACTIVE_ARCH = YES;
				SDKROOT = iphoneos;
				SKIP_INSTALL = NO;
				WK_WEB_VIEW_ONLY = 1;
			};
			name = Debug;
		};
		C01FCF5008A954540054247B /* Release */ = {
			isa = XCBuildConfiguration;
			baseConfigurationReference = 3047A5111AB8059700498E2A /* build.xcconfig */;
			buildSettings = {
				CLANG_ANALYZER_LOCALIZABILITY_NONLOCALIZED = YES;
				CLANG_ENABLE_MODULES = YES;
				CLANG_ENABLE_OBJC_ARC = YES;
				CLANG_WARN_BLOCK_CAPTURE_AUTORELEASING = YES;
				CLANG_WARN_BOOL_CONVERSION = YES;
				CLANG_WARN_COMMA = YES;
				CLANG_WARN_CONSTANT_CONVERSION = YES;
				CLANG_WARN_DEPRECATED_OBJC_IMPLEMENTATIONS = YES;
				CLANG_WARN_EMPTY_BODY = YES;
				CLANG_WARN_ENUM_CONVERSION = YES;
				CLANG_WARN_INFINITE_RECURSION = YES;
				CLANG_WARN_INT_CONVERSION = YES;
				CLANG_WARN_NON_LITERAL_NULL_CONVERSION = YES;
				CLANG_WARN_OBJC_IMPLICIT_RETAIN_SELF = YES;
				CLANG_WARN_OBJC_LITERAL_CONVERSION = YES;
				CLANG_WARN_RANGE_LOOP_ANALYSIS = YES;
				CLANG_WARN_STRICT_PROTOTYPES = YES;
				CLANG_WARN_SUSPICIOUS_MOVE = YES;
				CLANG_WARN_UNREACHABLE_CODE = YES;
				CLANG_WARN__DUPLICATE_METHOD_MATCH = YES;
				ENABLE_STRICT_OBJC_MSGSEND = YES;
				GCC_C_LANGUAGE_STANDARD = c99;
				GCC_NO_COMMON_BLOCKS = YES;
				GCC_THUMB_SUPPORT = NO;
				GCC_VERSION = "";
				GCC_WARN_64_TO_32_BIT_CONVERSION = YES;
				GCC_WARN_ABOUT_RETURN_TYPE = YES;
				GCC_WARN_UNDECLARED_SELECTOR = YES;
				GCC_WARN_UNINITIALIZED_AUTOS = YES;
				GCC_WARN_UNUSED_FUNCTION = YES;
				GCC_WARN_UNUSED_VARIABLE = YES;
				LD_RUNPATH_SEARCH_PATHS = "$(inherited) @executable_path/Frameworks";
				SDKROOT = iphoneos;
				SKIP_INSTALL = NO;
				WK_WEB_VIEW_ONLY = 1;
			};
			name = Release;
		};
/* End XCBuildConfiguration section */

/* Begin XCConfigurationList section */
		1D6058960D05DD3E006BFB54 /* Build configuration list for PBXNativeTarget "Grupo Inversa" */ = {
			isa = XCConfigurationList;
			buildConfigurations = (
				1D6058940D05DD3E006BFB54 /* Debug */,
				1D6058950D05DD3E006BFB54 /* Release */,
			);
			defaultConfigurationIsVisible = 0;
			defaultConfigurationName = Release;
		};
		C01FCF4E08A954540054247B /* Build configuration list for PBXProject "Grupo Inversa" */ = {
			isa = XCConfigurationList;
			buildConfigurations = (
				C01FCF4F08A954540054247B /* Debug */,
				C01FCF5008A954540054247B /* Release */,
			);
			defaultConfigurationIsVisible = 0;
			defaultConfigurationName = Release;
		};
/* End XCConfigurationList section */
	};
	rootObject = 29B97313FDCFA39411CA2CEA /* Project object */;
}
